// !$*UTF8*$!
{
	archiveVersion = 1;
	classes = {
	};
	objectVersion = 46;
	objects = {

/* Begin PBXBuildFile section */
		000281A71BBFBB3A004FBCE8 /* clap_1_c.png in Resources */ = {isa = PBXBuildFile; fileRef = 000281A51BBFBB3A004FBCE8 /* clap_1_c.png */; };
		000281A81BBFBB3A004FBCE8 /* clap_2_c.png in Resources */ = {isa = PBXBuildFile; fileRef = 000281A61BBFBB3A004FBCE8 /* clap_2_c.png */; };
		000281AE1BBFCC13004FBCE8 /* kashiwade.wav in Resources */ = {isa = PBXBuildFile; fileRef = 000281AD1BBFCC13004FBCE8 /* kashiwade.wav */; };
		00AAE6811BC5CE1F006EA19A /* NCMB.m in Sources */ = {isa = PBXBuildFile; fileRef = 00AAE6131BC5CE1F006EA19A /* NCMB.m */; settings = {ASSET_TAGS = (); }; };
		00AAE6821BC5CE1F006EA19A /* NCMB.m in Sources */ = {isa = PBXBuildFile; fileRef = 00AAE6131BC5CE1F006EA19A /* NCMB.m */; settings = {ASSET_TAGS = (); }; };
		00AAE6831BC5CE1F006EA19A /* NCMB_Info.plist in Resources */ = {isa = PBXBuildFile; fileRef = 00AAE6141BC5CE1F006EA19A /* NCMB_Info.plist */; settings = {ASSET_TAGS = (); }; };
		00AAE6841BC5CE1F006EA19A /* NCMB_Info.plist in Resources */ = {isa = PBXBuildFile; fileRef = 00AAE6141BC5CE1F006EA19A /* NCMB_Info.plist */; settings = {ASSET_TAGS = (); }; };
		00AAE6851BC5CE1F006EA19A /* NCMBACL.m in Sources */ = {isa = PBXBuildFile; fileRef = 00AAE6161BC5CE1F006EA19A /* NCMBACL.m */; settings = {ASSET_TAGS = (); }; };
		00AAE6861BC5CE1F006EA19A /* NCMBACL.m in Sources */ = {isa = PBXBuildFile; fileRef = 00AAE6161BC5CE1F006EA19A /* NCMBACL.m */; settings = {ASSET_TAGS = (); }; };
		00AAE6871BC5CE1F006EA19A /* NCMBAnalytics.m in Sources */ = {isa = PBXBuildFile; fileRef = 00AAE6181BC5CE1F006EA19A /* NCMBAnalytics.m */; settings = {ASSET_TAGS = (); }; };
		00AAE6881BC5CE1F006EA19A /* NCMBAnalytics.m in Sources */ = {isa = PBXBuildFile; fileRef = 00AAE6181BC5CE1F006EA19A /* NCMBAnalytics.m */; settings = {ASSET_TAGS = (); }; };
		00AAE6891BC5CE1F006EA19A /* NCMBAnonymousUtils.m in Sources */ = {isa = PBXBuildFile; fileRef = 00AAE61A1BC5CE1F006EA19A /* NCMBAnonymousUtils.m */; settings = {ASSET_TAGS = (); }; };
		00AAE68A1BC5CE1F006EA19A /* NCMBAnonymousUtils.m in Sources */ = {isa = PBXBuildFile; fileRef = 00AAE61A1BC5CE1F006EA19A /* NCMBAnonymousUtils.m */; settings = {ASSET_TAGS = (); }; };
		00AAE68B1BC5CE1F006EA19A /* NCMBError.m in Sources */ = {isa = PBXBuildFile; fileRef = 00AAE61D1BC5CE1F006EA19A /* NCMBError.m */; settings = {ASSET_TAGS = (); }; };
		00AAE68C1BC5CE1F006EA19A /* NCMBError.m in Sources */ = {isa = PBXBuildFile; fileRef = 00AAE61D1BC5CE1F006EA19A /* NCMBError.m */; settings = {ASSET_TAGS = (); }; };
		00AAE68D1BC5CE1F006EA19A /* NCMBFacebookUtils.m in Sources */ = {isa = PBXBuildFile; fileRef = 00AAE61F1BC5CE1F006EA19A /* NCMBFacebookUtils.m */; settings = {ASSET_TAGS = (); }; };
		00AAE68E1BC5CE1F006EA19A /* NCMBFacebookUtils.m in Sources */ = {isa = PBXBuildFile; fileRef = 00AAE61F1BC5CE1F006EA19A /* NCMBFacebookUtils.m */; settings = {ASSET_TAGS = (); }; };
		00AAE68F1BC5CE1F006EA19A /* NCMBFile.m in Sources */ = {isa = PBXBuildFile; fileRef = 00AAE6211BC5CE1F006EA19A /* NCMBFile.m */; settings = {ASSET_TAGS = (); }; };
		00AAE6901BC5CE1F006EA19A /* NCMBFile.m in Sources */ = {isa = PBXBuildFile; fileRef = 00AAE6211BC5CE1F006EA19A /* NCMBFile.m */; settings = {ASSET_TAGS = (); }; };
		00AAE6911BC5CE1F006EA19A /* NCMBGeoPoint.m in Sources */ = {isa = PBXBuildFile; fileRef = 00AAE6231BC5CE1F006EA19A /* NCMBGeoPoint.m */; settings = {ASSET_TAGS = (); }; };
		00AAE6921BC5CE1F006EA19A /* NCMBGeoPoint.m in Sources */ = {isa = PBXBuildFile; fileRef = 00AAE6231BC5CE1F006EA19A /* NCMBGeoPoint.m */; settings = {ASSET_TAGS = (); }; };
		00AAE6931BC5CE1F006EA19A /* NCMBGoogleUtils.m in Sources */ = {isa = PBXBuildFile; fileRef = 00AAE6261BC5CE1F006EA19A /* NCMBGoogleUtils.m */; settings = {ASSET_TAGS = (); }; };
		00AAE6941BC5CE1F006EA19A /* NCMBGoogleUtils.m in Sources */ = {isa = PBXBuildFile; fileRef = 00AAE6261BC5CE1F006EA19A /* NCMBGoogleUtils.m */; settings = {ASSET_TAGS = (); }; };
		00AAE6951BC5CE1F006EA19A /* NCMBInstallation.m in Sources */ = {isa = PBXBuildFile; fileRef = 00AAE6281BC5CE1F006EA19A /* NCMBInstallation.m */; settings = {ASSET_TAGS = (); }; };
		00AAE6961BC5CE1F006EA19A /* NCMBInstallation.m in Sources */ = {isa = PBXBuildFile; fileRef = 00AAE6281BC5CE1F006EA19A /* NCMBInstallation.m */; settings = {ASSET_TAGS = (); }; };
		00AAE6971BC5CE1F006EA19A /* NCMBObject.m in Sources */ = {isa = PBXBuildFile; fileRef = 00AAE62B1BC5CE1F006EA19A /* NCMBObject.m */; settings = {ASSET_TAGS = (); }; };
		00AAE6981BC5CE1F006EA19A /* NCMBObject.m in Sources */ = {isa = PBXBuildFile; fileRef = 00AAE62B1BC5CE1F006EA19A /* NCMBObject.m */; settings = {ASSET_TAGS = (); }; };
		00AAE6991BC5CE1F006EA19A /* NCMBPush.m in Sources */ = {isa = PBXBuildFile; fileRef = 00AAE62D1BC5CE1F006EA19A /* NCMBPush.m */; settings = {ASSET_TAGS = (); }; };
		00AAE69A1BC5CE1F006EA19A /* NCMBPush.m in Sources */ = {isa = PBXBuildFile; fileRef = 00AAE62D1BC5CE1F006EA19A /* NCMBPush.m */; settings = {ASSET_TAGS = (); }; };
		00AAE69B1BC5CE1F006EA19A /* NCMBQuery.m in Sources */ = {isa = PBXBuildFile; fileRef = 00AAE62F1BC5CE1F006EA19A /* NCMBQuery.m */; settings = {ASSET_TAGS = (); }; };
		00AAE69C1BC5CE1F006EA19A /* NCMBQuery.m in Sources */ = {isa = PBXBuildFile; fileRef = 00AAE62F1BC5CE1F006EA19A /* NCMBQuery.m */; settings = {ASSET_TAGS = (); }; };
		00AAE69D1BC5CE1F006EA19A /* NCMBReachability.m in Sources */ = {isa = PBXBuildFile; fileRef = 00AAE6321BC5CE1F006EA19A /* NCMBReachability.m */; settings = {ASSET_TAGS = (); }; };
		00AAE69E1BC5CE1F006EA19A /* NCMBReachability.m in Sources */ = {isa = PBXBuildFile; fileRef = 00AAE6321BC5CE1F006EA19A /* NCMBReachability.m */; settings = {ASSET_TAGS = (); }; };
		00AAE69F1BC5CE1F006EA19A /* NCMBRelation.m in Sources */ = {isa = PBXBuildFile; fileRef = 00AAE6341BC5CE1F006EA19A /* NCMBRelation.m */; settings = {ASSET_TAGS = (); }; };
		00AAE6A01BC5CE1F006EA19A /* NCMBRelation.m in Sources */ = {isa = PBXBuildFile; fileRef = 00AAE6341BC5CE1F006EA19A /* NCMBRelation.m */; settings = {ASSET_TAGS = (); }; };
		00AAE6A11BC5CE1F006EA19A /* NCMBCloseImageView.m in Sources */ = {isa = PBXBuildFile; fileRef = 00AAE6371BC5CE1F006EA19A /* NCMBCloseImageView.m */; settings = {ASSET_TAGS = (); }; };
		00AAE6A21BC5CE1F006EA19A /* NCMBCloseImageView.m in Sources */ = {isa = PBXBuildFile; fileRef = 00AAE6371BC5CE1F006EA19A /* NCMBCloseImageView.m */; settings = {ASSET_TAGS = (); }; };
		00AAE6A31BC5CE1F006EA19A /* NCMBRichPushView.m in Sources */ = {isa = PBXBuildFile; fileRef = 00AAE6391BC5CE1F006EA19A /* NCMBRichPushView.m */; settings = {ASSET_TAGS = (); }; };
		00AAE6A41BC5CE1F006EA19A /* NCMBRichPushView.m in Sources */ = {isa = PBXBuildFile; fileRef = 00AAE6391BC5CE1F006EA19A /* NCMBRichPushView.m */; settings = {ASSET_TAGS = (); }; };
		00AAE6A51BC5CE1F006EA19A /* NCMBRole.m in Sources */ = {isa = PBXBuildFile; fileRef = 00AAE63B1BC5CE1F006EA19A /* NCMBRole.m */; settings = {ASSET_TAGS = (); }; };
		00AAE6A61BC5CE1F006EA19A /* NCMBRole.m in Sources */ = {isa = PBXBuildFile; fileRef = 00AAE63B1BC5CE1F006EA19A /* NCMBRole.m */; settings = {ASSET_TAGS = (); }; };
		00AAE6A71BC5CE1F006EA19A /* NCMB_Twitter.m in Sources */ = {isa = PBXBuildFile; fileRef = 00AAE63E1BC5CE1F006EA19A /* NCMB_Twitter.m */; settings = {ASSET_TAGS = (); }; };
		00AAE6A81BC5CE1F006EA19A /* NCMB_Twitter.m in Sources */ = {isa = PBXBuildFile; fileRef = 00AAE63E1BC5CE1F006EA19A /* NCMB_Twitter.m */; settings = {ASSET_TAGS = (); }; };
		00AAE6A91BC5CE1F006EA19A /* NSMutableURLRequestParameters.m in Sources */ = {isa = PBXBuildFile; fileRef = 00AAE6421BC5CE1F006EA19A /* NSMutableURLRequestParameters.m */; settings = {ASSET_TAGS = (); }; };
		00AAE6AA1BC5CE1F006EA19A /* NSMutableURLRequestParameters.m in Sources */ = {isa = PBXBuildFile; fileRef = 00AAE6421BC5CE1F006EA19A /* NSMutableURLRequestParameters.m */; settings = {ASSET_TAGS = (); }; };
		00AAE6AB1BC5CE1F006EA19A /* NSStringURLEncoding.m in Sources */ = {isa = PBXBuildFile; fileRef = 00AAE6441BC5CE1F006EA19A /* NSStringURLEncoding.m */; settings = {ASSET_TAGS = (); }; };
		00AAE6AC1BC5CE1F006EA19A /* NSStringURLEncoding.m in Sources */ = {isa = PBXBuildFile; fileRef = 00AAE6441BC5CE1F006EA19A /* NSStringURLEncoding.m */; settings = {ASSET_TAGS = (); }; };
		00AAE6AD1BC5CE1F006EA19A /* NSURLBase.m in Sources */ = {isa = PBXBuildFile; fileRef = 00AAE6461BC5CE1F006EA19A /* NSURLBase.m */; settings = {ASSET_TAGS = (); }; };
		00AAE6AE1BC5CE1F006EA19A /* NSURLBase.m in Sources */ = {isa = PBXBuildFile; fileRef = 00AAE6461BC5CE1F006EA19A /* NSURLBase.m */; settings = {ASSET_TAGS = (); }; };
		00AAE6AF1BC5CE1F006EA19A /* Base64Transcoder.c in Sources */ = {isa = PBXBuildFile; fileRef = 00AAE6481BC5CE1F006EA19A /* Base64Transcoder.c */; settings = {ASSET_TAGS = (); }; };
		00AAE6B01BC5CE1F006EA19A /* Base64Transcoder.c in Sources */ = {isa = PBXBuildFile; fileRef = 00AAE6481BC5CE1F006EA19A /* Base64Transcoder.c */; settings = {ASSET_TAGS = (); }; };
		00AAE6B11BC5CE1F006EA19A /* hmac.c in Sources */ = {isa = PBXBuildFile; fileRef = 00AAE64A1BC5CE1F006EA19A /* hmac.c */; settings = {ASSET_TAGS = (); }; };
		00AAE6B21BC5CE1F006EA19A /* hmac.c in Sources */ = {isa = PBXBuildFile; fileRef = 00AAE64A1BC5CE1F006EA19A /* hmac.c */; settings = {ASSET_TAGS = (); }; };
		00AAE6B31BC5CE1F006EA19A /* sha1.c in Sources */ = {isa = PBXBuildFile; fileRef = 00AAE64C1BC5CE1F006EA19A /* sha1.c */; settings = {ASSET_TAGS = (); }; };
		00AAE6B41BC5CE1F006EA19A /* sha1.c in Sources */ = {isa = PBXBuildFile; fileRef = 00AAE64C1BC5CE1F006EA19A /* sha1.c */; settings = {ASSET_TAGS = (); }; };
		00AAE6B51BC5CE1F006EA19A /* NCMBOAConsumer.m in Sources */ = {isa = PBXBuildFile; fileRef = 00AAE64F1BC5CE1F006EA19A /* NCMBOAConsumer.m */; settings = {ASSET_TAGS = (); }; };
		00AAE6B61BC5CE1F006EA19A /* NCMBOAConsumer.m in Sources */ = {isa = PBXBuildFile; fileRef = 00AAE64F1BC5CE1F006EA19A /* NCMBOAConsumer.m */; settings = {ASSET_TAGS = (); }; };
		00AAE6B71BC5CE1F006EA19A /* NCMBOADataFetcher.m in Sources */ = {isa = PBXBuildFile; fileRef = 00AAE6511BC5CE1F006EA19A /* NCMBOADataFetcher.m */; settings = {ASSET_TAGS = (); }; };
		00AAE6B81BC5CE1F006EA19A /* NCMBOADataFetcher.m in Sources */ = {isa = PBXBuildFile; fileRef = 00AAE6511BC5CE1F006EA19A /* NCMBOADataFetcher.m */; settings = {ASSET_TAGS = (); }; };
		00AAE6B91BC5CE1F006EA19A /* NCMBOAHMAC_SHA1SignatureProvider.m in Sources */ = {isa = PBXBuildFile; fileRef = 00AAE6531BC5CE1F006EA19A /* NCMBOAHMAC_SHA1SignatureProvider.m */; settings = {ASSET_TAGS = (); }; };
		00AAE6BA1BC5CE1F006EA19A /* NCMBOAHMAC_SHA1SignatureProvider.m in Sources */ = {isa = PBXBuildFile; fileRef = 00AAE6531BC5CE1F006EA19A /* NCMBOAHMAC_SHA1SignatureProvider.m */; settings = {ASSET_TAGS = (); }; };
		00AAE6BB1BC5CE1F006EA19A /* NCMBOAMutableURLRequest.m in Sources */ = {isa = PBXBuildFile; fileRef = 00AAE6551BC5CE1F006EA19A /* NCMBOAMutableURLRequest.m */; settings = {ASSET_TAGS = (); }; };
		00AAE6BC1BC5CE1F006EA19A /* NCMBOAMutableURLRequest.m in Sources */ = {isa = PBXBuildFile; fileRef = 00AAE6551BC5CE1F006EA19A /* NCMBOAMutableURLRequest.m */; settings = {ASSET_TAGS = (); }; };
		00AAE6BD1BC5CE1F006EA19A /* NCMBOARequestParameter.m in Sources */ = {isa = PBXBuildFile; fileRef = 00AAE6571BC5CE1F006EA19A /* NCMBOARequestParameter.m */; settings = {ASSET_TAGS = (); }; };
		00AAE6BE1BC5CE1F006EA19A /* NCMBOARequestParameter.m in Sources */ = {isa = PBXBuildFile; fileRef = 00AAE6571BC5CE1F006EA19A /* NCMBOARequestParameter.m */; settings = {ASSET_TAGS = (); }; };
		00AAE6BF1BC5CE1F006EA19A /* NCMBOAServiceTicket.m in Sources */ = {isa = PBXBuildFile; fileRef = 00AAE6591BC5CE1F006EA19A /* NCMBOAServiceTicket.m */; settings = {ASSET_TAGS = (); }; };
		00AAE6C01BC5CE1F006EA19A /* NCMBOAServiceTicket.m in Sources */ = {isa = PBXBuildFile; fileRef = 00AAE6591BC5CE1F006EA19A /* NCMBOAServiceTicket.m */; settings = {ASSET_TAGS = (); }; };
		00AAE6C11BC5CE1F006EA19A /* NCMBOAToken.m in Sources */ = {isa = PBXBuildFile; fileRef = 00AAE65C1BC5CE1F006EA19A /* NCMBOAToken.m */; settings = {ASSET_TAGS = (); }; };
		00AAE6C21BC5CE1F006EA19A /* NCMBOAToken.m in Sources */ = {isa = PBXBuildFile; fileRef = 00AAE65C1BC5CE1F006EA19A /* NCMBOAToken.m */; settings = {ASSET_TAGS = (); }; };
		00AAE6C31BC5CE1F006EA19A /* NCMBTwitterLoginView.m in Sources */ = {isa = PBXBuildFile; fileRef = 00AAE65E1BC5CE1F006EA19A /* NCMBTwitterLoginView.m */; settings = {ASSET_TAGS = (); }; };
		00AAE6C41BC5CE1F006EA19A /* NCMBTwitterLoginView.m in Sources */ = {isa = PBXBuildFile; fileRef = 00AAE65E1BC5CE1F006EA19A /* NCMBTwitterLoginView.m */; settings = {ASSET_TAGS = (); }; };
		00AAE6C51BC5CE1F006EA19A /* NCMBTwitterUtils.m in Sources */ = {isa = PBXBuildFile; fileRef = 00AAE6601BC5CE1F006EA19A /* NCMBTwitterUtils.m */; settings = {ASSET_TAGS = (); }; };
		00AAE6C61BC5CE1F006EA19A /* NCMBTwitterUtils.m in Sources */ = {isa = PBXBuildFile; fileRef = 00AAE6601BC5CE1F006EA19A /* NCMBTwitterUtils.m */; settings = {ASSET_TAGS = (); }; };
		00AAE6C71BC5CE1F006EA19A /* NCMBURLConnection.m in Sources */ = {isa = PBXBuildFile; fileRef = 00AAE6631BC5CE1F006EA19A /* NCMBURLConnection.m */; settings = {ASSET_TAGS = (); }; };
		00AAE6C81BC5CE1F006EA19A /* NCMBURLConnection.m in Sources */ = {isa = PBXBuildFile; fileRef = 00AAE6631BC5CE1F006EA19A /* NCMBURLConnection.m */; settings = {ASSET_TAGS = (); }; };
		00AAE6C91BC5CE1F006EA19A /* NCMBUser.m in Sources */ = {isa = PBXBuildFile; fileRef = 00AAE6651BC5CE1F006EA19A /* NCMBUser.m */; settings = {ASSET_TAGS = (); }; };
		00AAE6CA1BC5CE1F006EA19A /* NCMBUser.m in Sources */ = {isa = PBXBuildFile; fileRef = 00AAE6651BC5CE1F006EA19A /* NCMBUser.m */; settings = {ASSET_TAGS = (); }; };
		00AAE6CB1BC5CE1F006EA19A /* NSDataBase64Encode.m in Sources */ = {isa = PBXBuildFile; fileRef = 00AAE6681BC5CE1F006EA19A /* NSDataBase64Encode.m */; settings = {ASSET_TAGS = (); }; };
		00AAE6CC1BC5CE1F006EA19A /* NSDataBase64Encode.m in Sources */ = {isa = PBXBuildFile; fileRef = 00AAE6681BC5CE1F006EA19A /* NSDataBase64Encode.m */; settings = {ASSET_TAGS = (); }; };
		00AAE6CD1BC5CE1F006EA19A /* NCMBAddOperation.m in Sources */ = {isa = PBXBuildFile; fileRef = 00AAE66B1BC5CE1F006EA19A /* NCMBAddOperation.m */; settings = {ASSET_TAGS = (); }; };
		00AAE6CE1BC5CE1F006EA19A /* NCMBAddOperation.m in Sources */ = {isa = PBXBuildFile; fileRef = 00AAE66B1BC5CE1F006EA19A /* NCMBAddOperation.m */; settings = {ASSET_TAGS = (); }; };
		00AAE6CF1BC5CE1F006EA19A /* NCMBAddUniqueOperation.m in Sources */ = {isa = PBXBuildFile; fileRef = 00AAE66D1BC5CE1F006EA19A /* NCMBAddUniqueOperation.m */; settings = {ASSET_TAGS = (); }; };
		00AAE6D01BC5CE1F006EA19A /* NCMBAddUniqueOperation.m in Sources */ = {isa = PBXBuildFile; fileRef = 00AAE66D1BC5CE1F006EA19A /* NCMBAddUniqueOperation.m */; settings = {ASSET_TAGS = (); }; };
		00AAE6D11BC5CE1F006EA19A /* NCMBDeleteOperation.m in Sources */ = {isa = PBXBuildFile; fileRef = 00AAE66F1BC5CE1F006EA19A /* NCMBDeleteOperation.m */; settings = {ASSET_TAGS = (); }; };
		00AAE6D21BC5CE1F006EA19A /* NCMBDeleteOperation.m in Sources */ = {isa = PBXBuildFile; fileRef = 00AAE66F1BC5CE1F006EA19A /* NCMBDeleteOperation.m */; settings = {ASSET_TAGS = (); }; };
		00AAE6D31BC5CE1F006EA19A /* NCMBIncrementOperation.m in Sources */ = {isa = PBXBuildFile; fileRef = 00AAE6711BC5CE1F006EA19A /* NCMBIncrementOperation.m */; settings = {ASSET_TAGS = (); }; };
		00AAE6D41BC5CE1F006EA19A /* NCMBIncrementOperation.m in Sources */ = {isa = PBXBuildFile; fileRef = 00AAE6711BC5CE1F006EA19A /* NCMBIncrementOperation.m */; settings = {ASSET_TAGS = (); }; };
		00AAE6D51BC5CE1F006EA19A /* NCMBRelationOperation.m in Sources */ = {isa = PBXBuildFile; fileRef = 00AAE6731BC5CE1F006EA19A /* NCMBRelationOperation.m */; settings = {ASSET_TAGS = (); }; };
		00AAE6D61BC5CE1F006EA19A /* NCMBRelationOperation.m in Sources */ = {isa = PBXBuildFile; fileRef = 00AAE6731BC5CE1F006EA19A /* NCMBRelationOperation.m */; settings = {ASSET_TAGS = (); }; };
		00AAE6D71BC5CE1F006EA19A /* NCMBRemoveOperation.m in Sources */ = {isa = PBXBuildFile; fileRef = 00AAE6751BC5CE1F006EA19A /* NCMBRemoveOperation.m */; settings = {ASSET_TAGS = (); }; };
		00AAE6D81BC5CE1F006EA19A /* NCMBRemoveOperation.m in Sources */ = {isa = PBXBuildFile; fileRef = 00AAE6751BC5CE1F006EA19A /* NCMBRemoveOperation.m */; settings = {ASSET_TAGS = (); }; };
		00AAE6D91BC5CE1F006EA19A /* NCMBSetOperation.m in Sources */ = {isa = PBXBuildFile; fileRef = 00AAE6771BC5CE1F006EA19A /* NCMBSetOperation.m */; settings = {ASSET_TAGS = (); }; };
		00AAE6DA1BC5CE1F006EA19A /* NCMBSetOperation.m in Sources */ = {isa = PBXBuildFile; fileRef = 00AAE6771BC5CE1F006EA19A /* NCMBSetOperation.m */; settings = {ASSET_TAGS = (); }; };
		00AAE6DB1BC5CE1F006EA19A /* SubClassHandler.m in Sources */ = {isa = PBXBuildFile; fileRef = 00AAE6801BC5CE1F006EA19A /* SubClassHandler.m */; settings = {ASSET_TAGS = (); }; };
		00AAE6DC1BC5CE1F006EA19A /* SubClassHandler.m in Sources */ = {isa = PBXBuildFile; fileRef = 00AAE6801BC5CE1F006EA19A /* SubClassHandler.m */; settings = {ASSET_TAGS = (); }; };
		BC3AA40A1BB66B8200B6A692 /* Foundation.framework in Frameworks */ = {isa = PBXBuildFile; fileRef = BC3AA4091BB66B8200B6A692 /* Foundation.framework */; };
		BC3AA40C1BB66B8200B6A692 /* CoreGraphics.framework in Frameworks */ = {isa = PBXBuildFile; fileRef = BC3AA40B1BB66B8200B6A692 /* CoreGraphics.framework */; };
		BC3AA40E1BB66B8200B6A692 /* UIKit.framework in Frameworks */ = {isa = PBXBuildFile; fileRef = BC3AA40D1BB66B8200B6A692 /* UIKit.framework */; };
		BC3AA4141BB66B8200B6A692 /* InfoPlist.strings in Resources */ = {isa = PBXBuildFile; fileRef = BC3AA4121BB66B8200B6A692 /* InfoPlist.strings */; };
		BC3AA4161BB66B8200B6A692 /* main.m in Sources */ = {isa = PBXBuildFile; fileRef = BC3AA4151BB66B8200B6A692 /* main.m */; };
		BC3AA4221BB66B8200B6A692 /* Images.xcassets in Resources */ = {isa = PBXBuildFile; fileRef = BC3AA4211BB66B8200B6A692 /* Images.xcassets */; };
		BC3AA4291BB66B8200B6A692 /* XCTest.framework in Frameworks */ = {isa = PBXBuildFile; fileRef = BC3AA4281BB66B8200B6A692 /* XCTest.framework */; };
		BC3AA42A1BB66B8200B6A692 /* Foundation.framework in Frameworks */ = {isa = PBXBuildFile; fileRef = BC3AA4091BB66B8200B6A692 /* Foundation.framework */; };
		BC3AA42B1BB66B8200B6A692 /* UIKit.framework in Frameworks */ = {isa = PBXBuildFile; fileRef = BC3AA40D1BB66B8200B6A692 /* UIKit.framework */; };
		BC3AA4331BB66B8200B6A692 /* InfoPlist.strings in Resources */ = {isa = PBXBuildFile; fileRef = BC3AA4311BB66B8200B6A692 /* InfoPlist.strings */; };
		BC3AA4351BB66B8200B6A692 /* KashiwadeTests.m in Sources */ = {isa = PBXBuildFile; fileRef = BC3AA4341BB66B8200B6A692 /* KashiwadeTests.m */; };
		BC3AA4431BB66C3000B6A692 /* AppDelegate.m in Sources */ = {isa = PBXBuildFile; fileRef = BC3AA4401BB66C3000B6A692 /* AppDelegate.m */; };
		BC3AA4441BB66C3000B6A692 /* ViewController.m in Sources */ = {isa = PBXBuildFile; fileRef = BC3AA4421BB66C3000B6A692 /* ViewController.m */; };
		BC745ABE1BC5084E0037A22A /* bktk-shinjuku-01_03may09.wav in Resources */ = {isa = PBXBuildFile; fileRef = BC745AB91BC5084E0037A22A /* bktk-shinjuku-01_03may09.wav */; settings = {ASSET_TAGS = (); }; };
		BC745ABF1BC5084E0037A22A /* carpool_IR-9_LR.wav in Resources */ = {isa = PBXBuildFile; fileRef = BC745ABA1BC5084E0037A22A /* carpool_IR-9_LR.wav */; settings = {ASSET_TAGS = (); }; };
		BC745AC01BC5084E0037A22A /* pokemon _IR-9_LR.wav in Resources */ = {isa = PBXBuildFile; fileRef = BC745ABB1BC5084E0037A22A /* pokemon _IR-9_LR.wav */; settings = {ASSET_TAGS = (); }; };
		BC745AC11BC5084E0037A22A /* rooftop_IR-9_LR.wav in Resources */ = {isa = PBXBuildFile; fileRef = BC745ABC1BC5084E0037A22A /* rooftop_IR-9_LR.wav */; settings = {ASSET_TAGS = (); }; };
		BC745AC21BC5084E0037A22A /* TokyoBigSite_IR-9_LR.wav in Resources */ = {isa = PBXBuildFile; fileRef = BC745ABD1BC5084E0037A22A /* TokyoBigSite_IR-9_LR.wav */; settings = {ASSET_TAGS = (); }; };
		BC745AD31BC508E20037A22A /* carpool_SE-9.wav in Resources */ = {isa = PBXBuildFile; fileRef = BC745AC61BC508E20037A22A /* carpool_SE-9.wav */; settings = {ASSET_TAGS = (); }; };
		BC745AD41BC508E20037A22A /* pokemon_SE-9.wav in Resources */ = {isa = PBXBuildFile; fileRef = BC745AC71BC508E20037A22A /* pokemon_SE-9.wav */; settings = {ASSET_TAGS = (); }; };
		BC745AD51BC508E20037A22A /* rooftop_SE-9.wav in Resources */ = {isa = PBXBuildFile; fileRef = BC745AC81BC508E20037A22A /* rooftop_SE-9.wav */; settings = {ASSET_TAGS = (); }; };
		BC745AD61BC508E20037A22A /* bktk-shinjuku-01_03may09_44116mono.wav in Resources */ = {isa = PBXBuildFile; fileRef = BC745ACA1BC508E20037A22A /* bktk-shinjuku-01_03may09_44116mono.wav */; settings = {ASSET_TAGS = (); }; };
		BC745AD71BC508E20037A22A /* carpool_IR-9_L.wav in Resources */ = {isa = PBXBuildFile; fileRef = BC745ACB1BC508E20037A22A /* carpool_IR-9_L.wav */; settings = {ASSET_TAGS = (); }; };
		BC745AD81BC508E20037A22A /* carpool_IR-9_R.wav in Resources */ = {isa = PBXBuildFile; fileRef = BC745ACC1BC508E20037A22A /* carpool_IR-9_R.wav */; settings = {ASSET_TAGS = (); }; };
		BC745AD91BC508E20037A22A /* pokemon _IR-9_L.wav in Resources */ = {isa = PBXBuildFile; fileRef = BC745ACD1BC508E20037A22A /* pokemon _IR-9_L.wav */; settings = {ASSET_TAGS = (); }; };
		BC745ADA1BC508E20037A22A /* pokemon _IR-9_R.wav in Resources */ = {isa = PBXBuildFile; fileRef = BC745ACE1BC508E20037A22A /* pokemon _IR-9_R.wav */; settings = {ASSET_TAGS = (); }; };
		BC745ADB1BC508E20037A22A /* rooftop_IR-9_L.wav in Resources */ = {isa = PBXBuildFile; fileRef = BC745ACF1BC508E20037A22A /* rooftop_IR-9_L.wav */; settings = {ASSET_TAGS = (); }; };
		BC745ADC1BC508E20037A22A /* rooftop_IR-9_R.wav in Resources */ = {isa = PBXBuildFile; fileRef = BC745AD01BC508E20037A22A /* rooftop_IR-9_R.wav */; settings = {ASSET_TAGS = (); }; };
		BC745ADD1BC508E20037A22A /* TokyoBigSite_IR-9_L.wav in Resources */ = {isa = PBXBuildFile; fileRef = BC745AD11BC508E20037A22A /* TokyoBigSite_IR-9_L.wav */; settings = {ASSET_TAGS = (); }; };
		BC745ADE1BC508E20037A22A /* TokyoBigSite_IR-9_R.wav in Resources */ = {isa = PBXBuildFile; fileRef = BC745AD21BC508E20037A22A /* TokyoBigSite_IR-9_R.wav */; settings = {ASSET_TAGS = (); }; };
		BC89D6C11BB66DC9005A8303 /* AudioToolbox.framework in Frameworks */ = {isa = PBXBuildFile; fileRef = BC89D6BF1BB66DC9005A8303 /* AudioToolbox.framework */; };
		BC89D6C21BB66DC9005A8303 /* AVFoundation.framework in Frameworks */ = {isa = PBXBuildFile; fileRef = BC89D6C01BB66DC9005A8303 /* AVFoundation.framework */; };
		BC89D6C41BB66E1E005A8303 /* Accelerate.framework in Frameworks */ = {isa = PBXBuildFile; fileRef = BC89D6C31BB66E1E005A8303 /* Accelerate.framework */; };
		BC89D6C61BB66E39005A8303 /* QuartzCore.framework in Frameworks */ = {isa = PBXBuildFile; fileRef = BC89D6C51BB66E39005A8303 /* QuartzCore.framework */; };
		BCF1849C1BBBEFC90027AD2E /* MapKit.framework in Frameworks */ = {isa = PBXBuildFile; fileRef = BCF1849B1BBBEFC90027AD2E /* MapKit.framework */; };
		BCF1849E1BBC1EAC0027AD2E /* CoreLocation.framework in Frameworks */ = {isa = PBXBuildFile; fileRef = BCF1849D1BBC1EAC0027AD2E /* CoreLocation.framework */; };
		BCF184A41BBC27590027AD2E /* CustomAnnotation.m in Sources */ = {isa = PBXBuildFile; fileRef = BCF184A31BBC27590027AD2E /* CustomAnnotation.m */; };
		BCF184AC1BBC5F790027AD2E /* PlayViewController.m in Sources */ = {isa = PBXBuildFile; fileRef = BCF184AB1BBC5F790027AD2E /* PlayViewController.m */; };
		BCF184B81BBC61480027AD2E /* map_pin@2x.png in Resources */ = {isa = PBXBuildFile; fileRef = BCF184B31BBC61480027AD2E /* map_pin@2x.png */; };
		BCF184D11BBC692C0027AD2E /* carpool.jpg in Resources */ = {isa = PBXBuildFile; fileRef = BCF184CD1BBC692C0027AD2E /* carpool.jpg */; };
		BCF184D21BBC692C0027AD2E /* pokemon.jpg in Resources */ = {isa = PBXBuildFile; fileRef = BCF184CE1BBC692C0027AD2E /* pokemon.jpg */; };
		BCF184D31BBC692C0027AD2E /* rooftop.jpeg in Resources */ = {isa = PBXBuildFile; fileRef = BCF184CF1BBC692C0027AD2E /* rooftop.jpeg */; };
		BCF184D41BBC692C0027AD2E /* tokyoBigSiteBasement.jpg in Resources */ = {isa = PBXBuildFile; fileRef = BCF184D01BBC692C0027AD2E /* tokyoBigSiteBasement.jpg */; };
		BCF184E31BBCCC2A0027AD2E /* libAudioKit iOS Static.a in Frameworks */ = {isa = PBXBuildFile; fileRef = BCF184DC1BBCCA970027AD2E /* libAudioKit iOS Static.a */; };
		BCF184E71BBCD0C10027AD2E /* ConvolutionInstrument.m in Sources */ = {isa = PBXBuildFile; fileRef = BCF184E61BBCD0C10027AD2E /* ConvolutionInstrument.m */; };
		BCF185021BBCE1580027AD2E /* AudioKit.plist in Resources */ = {isa = PBXBuildFile; fileRef = BCF185011BBCE1580027AD2E /* AudioKit.plist */; };
/* End PBXBuildFile section */

/* Begin PBXContainerItemProxy section */
		BC3AA42C1BB66B8200B6A692 /* PBXContainerItemProxy */ = {
			isa = PBXContainerItemProxy;
			containerPortal = BC3AA3FE1BB66B8200B6A692 /* Project object */;
			proxyType = 1;
			remoteGlobalIDString = BC3AA4051BB66B8200B6A692;
			remoteInfo = Kashiwade;
		};
		BCF184DB1BBCCA970027AD2E /* PBXContainerItemProxy */ = {
			isa = PBXContainerItemProxy;
			containerPortal = BCF184D51BBCCA960027AD2E /* AudioKit.xcodeproj */;
			proxyType = 2;
			remoteGlobalIDString = EA8E93D81AD3C5240057E979;
			remoteInfo = "AudioKit iOS Static";
		};
		BCF184DD1BBCCA970027AD2E /* PBXContainerItemProxy */ = {
			isa = PBXContainerItemProxy;
			containerPortal = BCF184D51BBCCA960027AD2E /* AudioKit.xcodeproj */;
			proxyType = 2;
			remoteGlobalIDString = EAA0F5941AE71C8F007CD7C9;
			remoteInfo = "AudioKit iOS Dynamic";
		};
		BCF184DF1BBCCA970027AD2E /* PBXContainerItemProxy */ = {
			isa = PBXContainerItemProxy;
			containerPortal = BCF184D51BBCCA960027AD2E /* AudioKit.xcodeproj */;
			proxyType = 2;
			remoteGlobalIDString = EA8E96591AD3C6FC0057E979;
			remoteInfo = "AudioKit OS X";
		};
		BCF184E11BBCCAAF0027AD2E /* PBXContainerItemProxy */ = {
			isa = PBXContainerItemProxy;
			containerPortal = BCF184D51BBCCA960027AD2E /* AudioKit.xcodeproj */;
			proxyType = 1;
			remoteGlobalIDString = EA8E93D71AD3C5240057E979;
			remoteInfo = "AudioKit iOS Static";
		};
/* End PBXContainerItemProxy section */

/* Begin PBXFileReference section */
		000281A51BBFBB3A004FBCE8 /* clap_1_c.png */ = {isa = PBXFileReference; lastKnownFileType = image.png; path = clap_1_c.png; sourceTree = "<group>"; };
		000281A61BBFBB3A004FBCE8 /* clap_2_c.png */ = {isa = PBXFileReference; lastKnownFileType = image.png; path = clap_2_c.png; sourceTree = "<group>"; };
		000281AD1BBFCC13004FBCE8 /* kashiwade.wav */ = {isa = PBXFileReference; lastKnownFileType = audio.wav; path = kashiwade.wav; sourceTree = "<group>"; };
		00AAE6121BC5CE1F006EA19A /* NCMB.h */ = {isa = PBXFileReference; fileEncoding = 4; lastKnownFileType = sourcecode.c.h; path = NCMB.h; sourceTree = "<group>"; };
		00AAE6131BC5CE1F006EA19A /* NCMB.m */ = {isa = PBXFileReference; fileEncoding = 4; lastKnownFileType = sourcecode.c.objc; path = NCMB.m; sourceTree = "<group>"; };
		00AAE6141BC5CE1F006EA19A /* NCMB_Info.plist */ = {isa = PBXFileReference; fileEncoding = 4; lastKnownFileType = text.plist.xml; path = NCMB_Info.plist; sourceTree = "<group>"; };
		00AAE6151BC5CE1F006EA19A /* NCMBACL.h */ = {isa = PBXFileReference; fileEncoding = 4; lastKnownFileType = sourcecode.c.h; path = NCMBACL.h; sourceTree = "<group>"; };
		00AAE6161BC5CE1F006EA19A /* NCMBACL.m */ = {isa = PBXFileReference; fileEncoding = 4; lastKnownFileType = sourcecode.c.objc; path = NCMBACL.m; sourceTree = "<group>"; };
		00AAE6171BC5CE1F006EA19A /* NCMBAnalytics.h */ = {isa = PBXFileReference; fileEncoding = 4; lastKnownFileType = sourcecode.c.h; path = NCMBAnalytics.h; sourceTree = "<group>"; };
		00AAE6181BC5CE1F006EA19A /* NCMBAnalytics.m */ = {isa = PBXFileReference; fileEncoding = 4; lastKnownFileType = sourcecode.c.objc; path = NCMBAnalytics.m; sourceTree = "<group>"; };
		00AAE6191BC5CE1F006EA19A /* NCMBAnonymousUtils.h */ = {isa = PBXFileReference; fileEncoding = 4; lastKnownFileType = sourcecode.c.h; path = NCMBAnonymousUtils.h; sourceTree = "<group>"; };
		00AAE61A1BC5CE1F006EA19A /* NCMBAnonymousUtils.m */ = {isa = PBXFileReference; fileEncoding = 4; lastKnownFileType = sourcecode.c.objc; path = NCMBAnonymousUtils.m; sourceTree = "<group>"; };
		00AAE61B1BC5CE1F006EA19A /* NCMBConstants.h */ = {isa = PBXFileReference; fileEncoding = 4; lastKnownFileType = sourcecode.c.h; path = NCMBConstants.h; sourceTree = "<group>"; };
		00AAE61C1BC5CE1F006EA19A /* NCMBError.h */ = {isa = PBXFileReference; fileEncoding = 4; lastKnownFileType = sourcecode.c.h; path = NCMBError.h; sourceTree = "<group>"; };
		00AAE61D1BC5CE1F006EA19A /* NCMBError.m */ = {isa = PBXFileReference; fileEncoding = 4; lastKnownFileType = sourcecode.c.objc; path = NCMBError.m; sourceTree = "<group>"; };
		00AAE61E1BC5CE1F006EA19A /* NCMBFacebookUtils.h */ = {isa = PBXFileReference; fileEncoding = 4; lastKnownFileType = sourcecode.c.h; path = NCMBFacebookUtils.h; sourceTree = "<group>"; };
		00AAE61F1BC5CE1F006EA19A /* NCMBFacebookUtils.m */ = {isa = PBXFileReference; fileEncoding = 4; lastKnownFileType = sourcecode.c.objc; path = NCMBFacebookUtils.m; sourceTree = "<group>"; };
		00AAE6201BC5CE1F006EA19A /* NCMBFile.h */ = {isa = PBXFileReference; fileEncoding = 4; lastKnownFileType = sourcecode.c.h; path = NCMBFile.h; sourceTree = "<group>"; };
		00AAE6211BC5CE1F006EA19A /* NCMBFile.m */ = {isa = PBXFileReference; fileEncoding = 4; lastKnownFileType = sourcecode.c.objc; path = NCMBFile.m; sourceTree = "<group>"; };
		00AAE6221BC5CE1F006EA19A /* NCMBGeoPoint.h */ = {isa = PBXFileReference; fileEncoding = 4; lastKnownFileType = sourcecode.c.h; path = NCMBGeoPoint.h; sourceTree = "<group>"; };
		00AAE6231BC5CE1F006EA19A /* NCMBGeoPoint.m */ = {isa = PBXFileReference; fileEncoding = 4; lastKnownFileType = sourcecode.c.objc; path = NCMBGeoPoint.m; sourceTree = "<group>"; };
		00AAE6241BC5CE1F006EA19A /* NCMBGoogleUtils+Private.h */ = {isa = PBXFileReference; fileEncoding = 4; lastKnownFileType = sourcecode.c.h; path = "NCMBGoogleUtils+Private.h"; sourceTree = "<group>"; };
		00AAE6251BC5CE1F006EA19A /* NCMBGoogleUtils.h */ = {isa = PBXFileReference; fileEncoding = 4; lastKnownFileType = sourcecode.c.h; path = NCMBGoogleUtils.h; sourceTree = "<group>"; };
		00AAE6261BC5CE1F006EA19A /* NCMBGoogleUtils.m */ = {isa = PBXFileReference; fileEncoding = 4; lastKnownFileType = sourcecode.c.objc; path = NCMBGoogleUtils.m; sourceTree = "<group>"; };
		00AAE6271BC5CE1F006EA19A /* NCMBInstallation.h */ = {isa = PBXFileReference; fileEncoding = 4; lastKnownFileType = sourcecode.c.h; path = NCMBInstallation.h; sourceTree = "<group>"; };
		00AAE6281BC5CE1F006EA19A /* NCMBInstallation.m */ = {isa = PBXFileReference; fileEncoding = 4; lastKnownFileType = sourcecode.c.objc; path = NCMBInstallation.m; sourceTree = "<group>"; };
		00AAE6291BC5CE1F006EA19A /* NCMBObject+Subclass.h */ = {isa = PBXFileReference; fileEncoding = 4; lastKnownFileType = sourcecode.c.h; path = "NCMBObject+Subclass.h"; sourceTree = "<group>"; };
		00AAE62A1BC5CE1F006EA19A /* NCMBObject.h */ = {isa = PBXFileReference; fileEncoding = 4; lastKnownFileType = sourcecode.c.h; path = NCMBObject.h; sourceTree = "<group>"; };
		00AAE62B1BC5CE1F006EA19A /* NCMBObject.m */ = {isa = PBXFileReference; fileEncoding = 4; lastKnownFileType = sourcecode.c.objc; path = NCMBObject.m; sourceTree = "<group>"; };
		00AAE62C1BC5CE1F006EA19A /* NCMBPush.h */ = {isa = PBXFileReference; fileEncoding = 4; lastKnownFileType = sourcecode.c.h; path = NCMBPush.h; sourceTree = "<group>"; };
		00AAE62D1BC5CE1F006EA19A /* NCMBPush.m */ = {isa = PBXFileReference; fileEncoding = 4; lastKnownFileType = sourcecode.c.objc; path = NCMBPush.m; sourceTree = "<group>"; };
		00AAE62E1BC5CE1F006EA19A /* NCMBQuery.h */ = {isa = PBXFileReference; fileEncoding = 4; lastKnownFileType = sourcecode.c.h; path = NCMBQuery.h; sourceTree = "<group>"; };
		00AAE62F1BC5CE1F006EA19A /* NCMBQuery.m */ = {isa = PBXFileReference; fileEncoding = 4; lastKnownFileType = sourcecode.c.objc; path = NCMBQuery.m; sourceTree = "<group>"; };
		00AAE6311BC5CE1F006EA19A /* NCMBReachability.h */ = {isa = PBXFileReference; fileEncoding = 4; lastKnownFileType = sourcecode.c.h; path = NCMBReachability.h; sourceTree = "<group>"; };
		00AAE6321BC5CE1F006EA19A /* NCMBReachability.m */ = {isa = PBXFileReference; fileEncoding = 4; lastKnownFileType = sourcecode.c.objc; path = NCMBReachability.m; sourceTree = "<group>"; };
		00AAE6331BC5CE1F006EA19A /* NCMBRelation.h */ = {isa = PBXFileReference; fileEncoding = 4; lastKnownFileType = sourcecode.c.h; path = NCMBRelation.h; sourceTree = "<group>"; };
		00AAE6341BC5CE1F006EA19A /* NCMBRelation.m */ = {isa = PBXFileReference; fileEncoding = 4; lastKnownFileType = sourcecode.c.objc; path = NCMBRelation.m; sourceTree = "<group>"; };
		00AAE6361BC5CE1F006EA19A /* NCMBCloseImageView.h */ = {isa = PBXFileReference; fileEncoding = 4; lastKnownFileType = sourcecode.c.h; path = NCMBCloseImageView.h; sourceTree = "<group>"; };
		00AAE6371BC5CE1F006EA19A /* NCMBCloseImageView.m */ = {isa = PBXFileReference; fileEncoding = 4; lastKnownFileType = sourcecode.c.objc; path = NCMBCloseImageView.m; sourceTree = "<group>"; };
		00AAE6381BC5CE1F006EA19A /* NCMBRichPushView.h */ = {isa = PBXFileReference; fileEncoding = 4; lastKnownFileType = sourcecode.c.h; path = NCMBRichPushView.h; sourceTree = "<group>"; };
		00AAE6391BC5CE1F006EA19A /* NCMBRichPushView.m */ = {isa = PBXFileReference; fileEncoding = 4; lastKnownFileType = sourcecode.c.objc; path = NCMBRichPushView.m; sourceTree = "<group>"; };
		00AAE63A1BC5CE1F006EA19A /* NCMBRole.h */ = {isa = PBXFileReference; fileEncoding = 4; lastKnownFileType = sourcecode.c.h; path = NCMBRole.h; sourceTree = "<group>"; };
		00AAE63B1BC5CE1F006EA19A /* NCMBRole.m */ = {isa = PBXFileReference; fileEncoding = 4; lastKnownFileType = sourcecode.c.objc; path = NCMBRole.m; sourceTree = "<group>"; };
		00AAE63C1BC5CE1F006EA19A /* NCMBSubclassing.h */ = {isa = PBXFileReference; fileEncoding = 4; lastKnownFileType = sourcecode.c.h; path = NCMBSubclassing.h; sourceTree = "<group>"; };
		00AAE63E1BC5CE1F006EA19A /* NCMB_Twitter.m */ = {isa = PBXFileReference; fileEncoding = 4; lastKnownFileType = sourcecode.c.objc; path = NCMB_Twitter.m; sourceTree = "<group>"; };
		00AAE6411BC5CE1F006EA19A /* NSMutableURLRequestParameters.h */ = {isa = PBXFileReference; fileEncoding = 4; lastKnownFileType = sourcecode.c.h; path = NSMutableURLRequestParameters.h; sourceTree = "<group>"; };
		00AAE6421BC5CE1F006EA19A /* NSMutableURLRequestParameters.m */ = {isa = PBXFileReference; fileEncoding = 4; lastKnownFileType = sourcecode.c.objc; path = NSMutableURLRequestParameters.m; sourceTree = "<group>"; };
		00AAE6431BC5CE1F006EA19A /* NSStringURLEncoding.h */ = {isa = PBXFileReference; fileEncoding = 4; lastKnownFileType = sourcecode.c.h; path = NSStringURLEncoding.h; sourceTree = "<group>"; };
		00AAE6441BC5CE1F006EA19A /* NSStringURLEncoding.m */ = {isa = PBXFileReference; fileEncoding = 4; lastKnownFileType = sourcecode.c.objc; path = NSStringURLEncoding.m; sourceTree = "<group>"; };
		00AAE6451BC5CE1F006EA19A /* NSURLBase.h */ = {isa = PBXFileReference; fileEncoding = 4; lastKnownFileType = sourcecode.c.h; path = NSURLBase.h; sourceTree = "<group>"; };
		00AAE6461BC5CE1F006EA19A /* NSURLBase.m */ = {isa = PBXFileReference; fileEncoding = 4; lastKnownFileType = sourcecode.c.objc; path = NSURLBase.m; sourceTree = "<group>"; };
		00AAE6481BC5CE1F006EA19A /* Base64Transcoder.c */ = {isa = PBXFileReference; fileEncoding = 4; lastKnownFileType = sourcecode.c.c; path = Base64Transcoder.c; sourceTree = "<group>"; };
		00AAE6491BC5CE1F006EA19A /* Base64Transcoder.h */ = {isa = PBXFileReference; fileEncoding = 4; lastKnownFileType = sourcecode.c.h; path = Base64Transcoder.h; sourceTree = "<group>"; };
		00AAE64A1BC5CE1F006EA19A /* hmac.c */ = {isa = PBXFileReference; fileEncoding = 4; lastKnownFileType = sourcecode.c.c; path = hmac.c; sourceTree = "<group>"; };
		00AAE64B1BC5CE1F006EA19A /* hmac.h */ = {isa = PBXFileReference; fileEncoding = 4; lastKnownFileType = sourcecode.c.h; path = hmac.h; sourceTree = "<group>"; };
		00AAE64C1BC5CE1F006EA19A /* sha1.c */ = {isa = PBXFileReference; fileEncoding = 4; lastKnownFileType = sourcecode.c.c; path = sha1.c; sourceTree = "<group>"; };
		00AAE64D1BC5CE1F006EA19A /* sha1.h */ = {isa = PBXFileReference; fileEncoding = 4; lastKnownFileType = sourcecode.c.h; path = sha1.h; sourceTree = "<group>"; };
		00AAE64E1BC5CE1F006EA19A /* NCMBOAConsumer.h */ = {isa = PBXFileReference; fileEncoding = 4; lastKnownFileType = sourcecode.c.h; path = NCMBOAConsumer.h; sourceTree = "<group>"; };
		00AAE64F1BC5CE1F006EA19A /* NCMBOAConsumer.m */ = {isa = PBXFileReference; fileEncoding = 4; lastKnownFileType = sourcecode.c.objc; path = NCMBOAConsumer.m; sourceTree = "<group>"; };
		00AAE6501BC5CE1F006EA19A /* NCMBOADataFetcher.h */ = {isa = PBXFileReference; fileEncoding = 4; lastKnownFileType = sourcecode.c.h; path = NCMBOADataFetcher.h; sourceTree = "<group>"; };
		00AAE6511BC5CE1F006EA19A /* NCMBOADataFetcher.m */ = {isa = PBXFileReference; fileEncoding = 4; lastKnownFileType = sourcecode.c.objc; path = NCMBOADataFetcher.m; sourceTree = "<group>"; };
		00AAE6521BC5CE1F006EA19A /* NCMBOAHMAC_SHA1SignatureProvider.h */ = {isa = PBXFileReference; fileEncoding = 4; lastKnownFileType = sourcecode.c.h; path = NCMBOAHMAC_SHA1SignatureProvider.h; sourceTree = "<group>"; };
		00AAE6531BC5CE1F006EA19A /* NCMBOAHMAC_SHA1SignatureProvider.m */ = {isa = PBXFileReference; fileEncoding = 4; lastKnownFileType = sourcecode.c.objc; path = NCMBOAHMAC_SHA1SignatureProvider.m; sourceTree = "<group>"; };
		00AAE6541BC5CE1F006EA19A /* NCMBOAMutableURLRequest.h */ = {isa = PBXFileReference; fileEncoding = 4; lastKnownFileType = sourcecode.c.h; path = NCMBOAMutableURLRequest.h; sourceTree = "<group>"; };
		00AAE6551BC5CE1F006EA19A /* NCMBOAMutableURLRequest.m */ = {isa = PBXFileReference; fileEncoding = 4; lastKnownFileType = sourcecode.c.objc; path = NCMBOAMutableURLRequest.m; sourceTree = "<group>"; };
		00AAE6561BC5CE1F006EA19A /* NCMBOARequestParameter.h */ = {isa = PBXFileReference; fileEncoding = 4; lastKnownFileType = sourcecode.c.h; path = NCMBOARequestParameter.h; sourceTree = "<group>"; };
		00AAE6571BC5CE1F006EA19A /* NCMBOARequestParameter.m */ = {isa = PBXFileReference; fileEncoding = 4; lastKnownFileType = sourcecode.c.objc; path = NCMBOARequestParameter.m; sourceTree = "<group>"; };
		00AAE6581BC5CE1F006EA19A /* NCMBOAServiceTicket.h */ = {isa = PBXFileReference; fileEncoding = 4; lastKnownFileType = sourcecode.c.h; path = NCMBOAServiceTicket.h; sourceTree = "<group>"; };
		00AAE6591BC5CE1F006EA19A /* NCMBOAServiceTicket.m */ = {isa = PBXFileReference; fileEncoding = 4; lastKnownFileType = sourcecode.c.objc; path = NCMBOAServiceTicket.m; sourceTree = "<group>"; };
		00AAE65A1BC5CE1F006EA19A /* NCMBOASignatureProviding.h */ = {isa = PBXFileReference; fileEncoding = 4; lastKnownFileType = sourcecode.c.h; path = NCMBOASignatureProviding.h; sourceTree = "<group>"; };
		00AAE65B1BC5CE1F006EA19A /* NCMBOAToken.h */ = {isa = PBXFileReference; fileEncoding = 4; lastKnownFileType = sourcecode.c.h; path = NCMBOAToken.h; sourceTree = "<group>"; };
		00AAE65C1BC5CE1F006EA19A /* NCMBOAToken.m */ = {isa = PBXFileReference; fileEncoding = 4; lastKnownFileType = sourcecode.c.objc; path = NCMBOAToken.m; sourceTree = "<group>"; };
		00AAE65D1BC5CE1F006EA19A /* NCMBTwitterLoginView.h */ = {isa = PBXFileReference; fileEncoding = 4; lastKnownFileType = sourcecode.c.h; path = NCMBTwitterLoginView.h; sourceTree = "<group>"; };
		00AAE65E1BC5CE1F006EA19A /* NCMBTwitterLoginView.m */ = {isa = PBXFileReference; fileEncoding = 4; lastKnownFileType = sourcecode.c.objc; path = NCMBTwitterLoginView.m; sourceTree = "<group>"; };
		00AAE65F1BC5CE1F006EA19A /* NCMBTwitterUtils.h */ = {isa = PBXFileReference; fileEncoding = 4; lastKnownFileType = sourcecode.c.h; path = NCMBTwitterUtils.h; sourceTree = "<group>"; };
		00AAE6601BC5CE1F006EA19A /* NCMBTwitterUtils.m */ = {isa = PBXFileReference; fileEncoding = 4; lastKnownFileType = sourcecode.c.objc; path = NCMBTwitterUtils.m; sourceTree = "<group>"; };
		00AAE6621BC5CE1F006EA19A /* NCMBURLConnection.h */ = {isa = PBXFileReference; fileEncoding = 4; lastKnownFileType = sourcecode.c.h; path = NCMBURLConnection.h; sourceTree = "<group>"; };
		00AAE6631BC5CE1F006EA19A /* NCMBURLConnection.m */ = {isa = PBXFileReference; fileEncoding = 4; lastKnownFileType = sourcecode.c.objc; path = NCMBURLConnection.m; sourceTree = "<group>"; };
		00AAE6641BC5CE1F006EA19A /* NCMBUser.h */ = {isa = PBXFileReference; fileEncoding = 4; lastKnownFileType = sourcecode.c.h; path = NCMBUser.h; sourceTree = "<group>"; };
		00AAE6651BC5CE1F006EA19A /* NCMBUser.m */ = {isa = PBXFileReference; fileEncoding = 4; lastKnownFileType = sourcecode.c.objc; path = NCMBUser.m; sourceTree = "<group>"; };
		00AAE6671BC5CE1F006EA19A /* NSDataBase64Encode.h */ = {isa = PBXFileReference; fileEncoding = 4; lastKnownFileType = sourcecode.c.h; path = NSDataBase64Encode.h; sourceTree = "<group>"; };
		00AAE6681BC5CE1F006EA19A /* NSDataBase64Encode.m */ = {isa = PBXFileReference; fileEncoding = 4; lastKnownFileType = sourcecode.c.objc; path = NSDataBase64Encode.m; sourceTree = "<group>"; };
		00AAE66A1BC5CE1F006EA19A /* NCMBAddOperation.h */ = {isa = PBXFileReference; fileEncoding = 4; lastKnownFileType = sourcecode.c.h; path = NCMBAddOperation.h; sourceTree = "<group>"; };
		00AAE66B1BC5CE1F006EA19A /* NCMBAddOperation.m */ = {isa = PBXFileReference; fileEncoding = 4; lastKnownFileType = sourcecode.c.objc; path = NCMBAddOperation.m; sourceTree = "<group>"; };
		00AAE66C1BC5CE1F006EA19A /* NCMBAddUniqueOperation.h */ = {isa = PBXFileReference; fileEncoding = 4; lastKnownFileType = sourcecode.c.h; path = NCMBAddUniqueOperation.h; sourceTree = "<group>"; };
		00AAE66D1BC5CE1F006EA19A /* NCMBAddUniqueOperation.m */ = {isa = PBXFileReference; fileEncoding = 4; lastKnownFileType = sourcecode.c.objc; path = NCMBAddUniqueOperation.m; sourceTree = "<group>"; };
		00AAE66E1BC5CE1F006EA19A /* NCMBDeleteOperation.h */ = {isa = PBXFileReference; fileEncoding = 4; lastKnownFileType = sourcecode.c.h; path = NCMBDeleteOperation.h; sourceTree = "<group>"; };
		00AAE66F1BC5CE1F006EA19A /* NCMBDeleteOperation.m */ = {isa = PBXFileReference; fileEncoding = 4; lastKnownFileType = sourcecode.c.objc; path = NCMBDeleteOperation.m; sourceTree = "<group>"; };
		00AAE6701BC5CE1F006EA19A /* NCMBIncrementOperation.h */ = {isa = PBXFileReference; fileEncoding = 4; lastKnownFileType = sourcecode.c.h; path = NCMBIncrementOperation.h; sourceTree = "<group>"; };
		00AAE6711BC5CE1F006EA19A /* NCMBIncrementOperation.m */ = {isa = PBXFileReference; fileEncoding = 4; lastKnownFileType = sourcecode.c.objc; path = NCMBIncrementOperation.m; sourceTree = "<group>"; };
		00AAE6721BC5CE1F006EA19A /* NCMBRelationOperation.h */ = {isa = PBXFileReference; fileEncoding = 4; lastKnownFileType = sourcecode.c.h; path = NCMBRelationOperation.h; sourceTree = "<group>"; };
		00AAE6731BC5CE1F006EA19A /* NCMBRelationOperation.m */ = {isa = PBXFileReference; fileEncoding = 4; lastKnownFileType = sourcecode.c.objc; path = NCMBRelationOperation.m; sourceTree = "<group>"; };
		00AAE6741BC5CE1F006EA19A /* NCMBRemoveOperation.h */ = {isa = PBXFileReference; fileEncoding = 4; lastKnownFileType = sourcecode.c.h; path = NCMBRemoveOperation.h; sourceTree = "<group>"; };
		00AAE6751BC5CE1F006EA19A /* NCMBRemoveOperation.m */ = {isa = PBXFileReference; fileEncoding = 4; lastKnownFileType = sourcecode.c.objc; path = NCMBRemoveOperation.m; sourceTree = "<group>"; };
		00AAE6761BC5CE1F006EA19A /* NCMBSetOperation.h */ = {isa = PBXFileReference; fileEncoding = 4; lastKnownFileType = sourcecode.c.h; path = NCMBSetOperation.h; sourceTree = "<group>"; };
		00AAE6771BC5CE1F006EA19A /* NCMBSetOperation.m */ = {isa = PBXFileReference; fileEncoding = 4; lastKnownFileType = sourcecode.c.objc; path = NCMBSetOperation.m; sourceTree = "<group>"; };
		00AAE6791BC5CE1F006EA19A /* NCMBFacebookUtils+Private.h */ = {isa = PBXFileReference; fileEncoding = 4; lastKnownFileType = sourcecode.c.h; path = "NCMBFacebookUtils+Private.h"; sourceTree = "<group>"; };
		00AAE67A1BC5CE1F006EA19A /* NCMBObject+Private.h */ = {isa = PBXFileReference; fileEncoding = 4; lastKnownFileType = sourcecode.c.h; path = "NCMBObject+Private.h"; sourceTree = "<group>"; };
		00AAE67B1BC5CE1F006EA19A /* NCMBQuery+Private.h */ = {isa = PBXFileReference; fileEncoding = 4; lastKnownFileType = sourcecode.c.h; path = "NCMBQuery+Private.h"; sourceTree = "<group>"; };
		00AAE67C1BC5CE1F006EA19A /* NCMBRelation+Private.h */ = {isa = PBXFileReference; fileEncoding = 4; lastKnownFileType = sourcecode.c.h; path = "NCMBRelation+Private.h"; sourceTree = "<group>"; };
		00AAE67D1BC5CE1F006EA19A /* NCMBUser+Private.h */ = {isa = PBXFileReference; fileEncoding = 4; lastKnownFileType = sourcecode.c.h; path = "NCMBUser+Private.h"; sourceTree = "<group>"; };
		00AAE67F1BC5CE1F006EA19A /* SubClassHandler.h */ = {isa = PBXFileReference; fileEncoding = 4; lastKnownFileType = sourcecode.c.h; path = SubClassHandler.h; sourceTree = "<group>"; };
		00AAE6801BC5CE1F006EA19A /* SubClassHandler.m */ = {isa = PBXFileReference; fileEncoding = 4; lastKnownFileType = sourcecode.c.objc; path = SubClassHandler.m; sourceTree = "<group>"; };
		BC3AA4061BB66B8200B6A692 /* Kashiwade.app */ = {isa = PBXFileReference; explicitFileType = wrapper.application; includeInIndex = 0; path = Kashiwade.app; sourceTree = BUILT_PRODUCTS_DIR; };
		BC3AA4091BB66B8200B6A692 /* Foundation.framework */ = {isa = PBXFileReference; lastKnownFileType = wrapper.framework; name = Foundation.framework; path = System/Library/Frameworks/Foundation.framework; sourceTree = SDKROOT; };
		BC3AA40B1BB66B8200B6A692 /* CoreGraphics.framework */ = {isa = PBXFileReference; lastKnownFileType = wrapper.framework; name = CoreGraphics.framework; path = System/Library/Frameworks/CoreGraphics.framework; sourceTree = SDKROOT; };
		BC3AA40D1BB66B8200B6A692 /* UIKit.framework */ = {isa = PBXFileReference; lastKnownFileType = wrapper.framework; name = UIKit.framework; path = System/Library/Frameworks/UIKit.framework; sourceTree = SDKROOT; };
		BC3AA4111BB66B8200B6A692 /* Kashiwade-Info.plist */ = {isa = PBXFileReference; lastKnownFileType = text.plist.xml; path = "Kashiwade-Info.plist"; sourceTree = "<group>"; };
		BC3AA4131BB66B8200B6A692 /* en */ = {isa = PBXFileReference; lastKnownFileType = text.plist.strings; name = en; path = en.lproj/InfoPlist.strings; sourceTree = "<group>"; };
		BC3AA4151BB66B8200B6A692 /* main.m */ = {isa = PBXFileReference; lastKnownFileType = sourcecode.c.objc; path = main.m; sourceTree = "<group>"; };
		BC3AA4171BB66B8200B6A692 /* Kashiwade-Prefix.pch */ = {isa = PBXFileReference; lastKnownFileType = sourcecode.c.h; path = "Kashiwade-Prefix.pch"; sourceTree = "<group>"; };
		BC3AA4211BB66B8200B6A692 /* Images.xcassets */ = {isa = PBXFileReference; lastKnownFileType = folder.assetcatalog; path = Images.xcassets; sourceTree = "<group>"; };
		BC3AA4271BB66B8200B6A692 /* KashiwadeTests.xctest */ = {isa = PBXFileReference; explicitFileType = wrapper.cfbundle; includeInIndex = 0; path = KashiwadeTests.xctest; sourceTree = BUILT_PRODUCTS_DIR; };
		BC3AA4281BB66B8200B6A692 /* XCTest.framework */ = {isa = PBXFileReference; lastKnownFileType = wrapper.framework; name = XCTest.framework; path = Library/Frameworks/XCTest.framework; sourceTree = DEVELOPER_DIR; };
		BC3AA4301BB66B8200B6A692 /* KashiwadeTests-Info.plist */ = {isa = PBXFileReference; lastKnownFileType = text.plist.xml; path = "KashiwadeTests-Info.plist"; sourceTree = "<group>"; };
		BC3AA4321BB66B8200B6A692 /* en */ = {isa = PBXFileReference; lastKnownFileType = text.plist.strings; name = en; path = en.lproj/InfoPlist.strings; sourceTree = "<group>"; };
		BC3AA4341BB66B8200B6A692 /* KashiwadeTests.m */ = {isa = PBXFileReference; lastKnownFileType = sourcecode.c.objc; path = KashiwadeTests.m; sourceTree = "<group>"; };
		BC3AA43F1BB66C3000B6A692 /* AppDelegate.h */ = {isa = PBXFileReference; fileEncoding = 4; lastKnownFileType = sourcecode.c.h; path = AppDelegate.h; sourceTree = "<group>"; };
		BC3AA4401BB66C3000B6A692 /* AppDelegate.m */ = {isa = PBXFileReference; fileEncoding = 4; lastKnownFileType = sourcecode.c.objc; path = AppDelegate.m; sourceTree = "<group>"; };
		BC3AA4411BB66C3000B6A692 /* ViewController.h */ = {isa = PBXFileReference; fileEncoding = 4; lastKnownFileType = sourcecode.c.h; path = ViewController.h; sourceTree = "<group>"; };
		BC3AA4421BB66C3000B6A692 /* ViewController.m */ = {isa = PBXFileReference; fileEncoding = 4; lastKnownFileType = sourcecode.c.objc; path = ViewController.m; sourceTree = "<group>"; };
		BC745AB91BC5084E0037A22A /* bktk-shinjuku-01_03may09.wav */ = {isa = PBXFileReference; lastKnownFileType = audio.wav; path = "bktk-shinjuku-01_03may09.wav"; sourceTree = "<group>"; };
		BC745ABA1BC5084E0037A22A /* carpool_IR-9_LR.wav */ = {isa = PBXFileReference; lastKnownFileType = audio.wav; path = "carpool_IR-9_LR.wav"; sourceTree = "<group>"; };
		BC745ABB1BC5084E0037A22A /* pokemon _IR-9_LR.wav */ = {isa = PBXFileReference; lastKnownFileType = audio.wav; path = "pokemon _IR-9_LR.wav"; sourceTree = "<group>"; };
		BC745ABC1BC5084E0037A22A /* rooftop_IR-9_LR.wav */ = {isa = PBXFileReference; lastKnownFileType = audio.wav; path = "rooftop_IR-9_LR.wav"; sourceTree = "<group>"; };
		BC745ABD1BC5084E0037A22A /* TokyoBigSite_IR-9_LR.wav */ = {isa = PBXFileReference; lastKnownFileType = audio.wav; path = "TokyoBigSite_IR-9_LR.wav"; sourceTree = "<group>"; };
		BC745AC61BC508E20037A22A /* carpool_SE-9.wav */ = {isa = PBXFileReference; lastKnownFileType = audio.wav; path = "carpool_SE-9.wav"; sourceTree = "<group>"; };
		BC745AC71BC508E20037A22A /* pokemon_SE-9.wav */ = {isa = PBXFileReference; lastKnownFileType = audio.wav; path = "pokemon_SE-9.wav"; sourceTree = "<group>"; };
		BC745AC81BC508E20037A22A /* rooftop_SE-9.wav */ = {isa = PBXFileReference; lastKnownFileType = audio.wav; path = "rooftop_SE-9.wav"; sourceTree = "<group>"; };
		BC745ACA1BC508E20037A22A /* bktk-shinjuku-01_03may09_44116mono.wav */ = {isa = PBXFileReference; lastKnownFileType = audio.wav; path = "bktk-shinjuku-01_03may09_44116mono.wav"; sourceTree = "<group>"; };
		BC745ACB1BC508E20037A22A /* carpool_IR-9_L.wav */ = {isa = PBXFileReference; lastKnownFileType = audio.wav; path = "carpool_IR-9_L.wav"; sourceTree = "<group>"; };
		BC745ACC1BC508E20037A22A /* carpool_IR-9_R.wav */ = {isa = PBXFileReference; lastKnownFileType = audio.wav; path = "carpool_IR-9_R.wav"; sourceTree = "<group>"; };
		BC745ACD1BC508E20037A22A /* pokemon _IR-9_L.wav */ = {isa = PBXFileReference; lastKnownFileType = audio.wav; path = "pokemon _IR-9_L.wav"; sourceTree = "<group>"; };
		BC745ACE1BC508E20037A22A /* pokemon _IR-9_R.wav */ = {isa = PBXFileReference; lastKnownFileType = audio.wav; path = "pokemon _IR-9_R.wav"; sourceTree = "<group>"; };
		BC745ACF1BC508E20037A22A /* rooftop_IR-9_L.wav */ = {isa = PBXFileReference; lastKnownFileType = audio.wav; path = "rooftop_IR-9_L.wav"; sourceTree = "<group>"; };
		BC745AD01BC508E20037A22A /* rooftop_IR-9_R.wav */ = {isa = PBXFileReference; lastKnownFileType = audio.wav; path = "rooftop_IR-9_R.wav"; sourceTree = "<group>"; };
		BC745AD11BC508E20037A22A /* TokyoBigSite_IR-9_L.wav */ = {isa = PBXFileReference; lastKnownFileType = audio.wav; path = "TokyoBigSite_IR-9_L.wav"; sourceTree = "<group>"; };
		BC745AD21BC508E20037A22A /* TokyoBigSite_IR-9_R.wav */ = {isa = PBXFileReference; lastKnownFileType = audio.wav; path = "TokyoBigSite_IR-9_R.wav"; sourceTree = "<group>"; };
		BC89D6BF1BB66DC9005A8303 /* AudioToolbox.framework */ = {isa = PBXFileReference; lastKnownFileType = wrapper.framework; name = AudioToolbox.framework; path = System/Library/Frameworks/AudioToolbox.framework; sourceTree = SDKROOT; };
		BC89D6C01BB66DC9005A8303 /* AVFoundation.framework */ = {isa = PBXFileReference; lastKnownFileType = wrapper.framework; name = AVFoundation.framework; path = System/Library/Frameworks/AVFoundation.framework; sourceTree = SDKROOT; };
		BC89D6C31BB66E1E005A8303 /* Accelerate.framework */ = {isa = PBXFileReference; lastKnownFileType = wrapper.framework; name = Accelerate.framework; path = System/Library/Frameworks/Accelerate.framework; sourceTree = SDKROOT; };
		BC89D6C51BB66E39005A8303 /* QuartzCore.framework */ = {isa = PBXFileReference; lastKnownFileType = wrapper.framework; name = QuartzCore.framework; path = System/Library/Frameworks/QuartzCore.framework; sourceTree = SDKROOT; };
		BCF1849B1BBBEFC90027AD2E /* MapKit.framework */ = {isa = PBXFileReference; lastKnownFileType = wrapper.framework; name = MapKit.framework; path = System/Library/Frameworks/MapKit.framework; sourceTree = SDKROOT; };
		BCF1849D1BBC1EAC0027AD2E /* CoreLocation.framework */ = {isa = PBXFileReference; lastKnownFileType = wrapper.framework; name = CoreLocation.framework; path = System/Library/Frameworks/CoreLocation.framework; sourceTree = SDKROOT; };
		BCF184A21BBC27590027AD2E /* CustomAnnotation.h */ = {isa = PBXFileReference; fileEncoding = 4; lastKnownFileType = sourcecode.c.h; path = CustomAnnotation.h; sourceTree = "<group>"; };
		BCF184A31BBC27590027AD2E /* CustomAnnotation.m */ = {isa = PBXFileReference; fileEncoding = 4; lastKnownFileType = sourcecode.c.objc; path = CustomAnnotation.m; sourceTree = "<group>"; };
		BCF184AA1BBC5F790027AD2E /* PlayViewController.h */ = {isa = PBXFileReference; fileEncoding = 4; lastKnownFileType = sourcecode.c.h; path = PlayViewController.h; sourceTree = "<group>"; };
		BCF184AB1BBC5F790027AD2E /* PlayViewController.m */ = {isa = PBXFileReference; fileEncoding = 4; lastKnownFileType = sourcecode.c.objc; path = PlayViewController.m; sourceTree = "<group>"; };
		BCF184B31BBC61480027AD2E /* map_pin@2x.png */ = {isa = PBXFileReference; lastKnownFileType = image.png; path = "map_pin@2x.png"; sourceTree = "<group>"; };
		BCF184CD1BBC692C0027AD2E /* carpool.jpg */ = {isa = PBXFileReference; lastKnownFileType = image.jpeg; path = carpool.jpg; sourceTree = "<group>"; };
		BCF184CE1BBC692C0027AD2E /* pokemon.jpg */ = {isa = PBXFileReference; lastKnownFileType = image.jpeg; path = pokemon.jpg; sourceTree = "<group>"; };
		BCF184CF1BBC692C0027AD2E /* rooftop.jpeg */ = {isa = PBXFileReference; lastKnownFileType = image.jpeg; path = rooftop.jpeg; sourceTree = "<group>"; };
		BCF184D01BBC692C0027AD2E /* tokyoBigSiteBasement.jpg */ = {isa = PBXFileReference; lastKnownFileType = image.jpeg; path = tokyoBigSiteBasement.jpg; sourceTree = "<group>"; };
		BCF184D51BBCCA960027AD2E /* AudioKit.xcodeproj */ = {isa = PBXFileReference; lastKnownFileType = "wrapper.pb-project"; path = AudioKit.xcodeproj; sourceTree = "<group>"; };
		BCF184E51BBCD0C10027AD2E /* ConvolutionInstrument.h */ = {isa = PBXFileReference; fileEncoding = 4; lastKnownFileType = sourcecode.c.h; path = ConvolutionInstrument.h; sourceTree = "<group>"; };
		BCF184E61BBCD0C10027AD2E /* ConvolutionInstrument.m */ = {isa = PBXFileReference; fileEncoding = 4; lastKnownFileType = sourcecode.c.objc; path = ConvolutionInstrument.m; sourceTree = "<group>"; };
		BCF185011BBCE1580027AD2E /* AudioKit.plist */ = {isa = PBXFileReference; fileEncoding = 4; lastKnownFileType = text.plist.xml; path = AudioKit.plist; sourceTree = "<group>"; };
/* End PBXFileReference section */

/* Begin PBXFrameworksBuildPhase section */
		BC3AA4031BB66B8200B6A692 /* Frameworks */ = {
			isa = PBXFrameworksBuildPhase;
			buildActionMask = 2147483647;
			files = (
				BCF184E31BBCCC2A0027AD2E /* libAudioKit iOS Static.a in Frameworks */,
				BCF1849E1BBC1EAC0027AD2E /* CoreLocation.framework in Frameworks */,
				BCF1849C1BBBEFC90027AD2E /* MapKit.framework in Frameworks */,
				BC89D6C61BB66E39005A8303 /* QuartzCore.framework in Frameworks */,
				BC89D6C41BB66E1E005A8303 /* Accelerate.framework in Frameworks */,
				BC89D6C11BB66DC9005A8303 /* AudioToolbox.framework in Frameworks */,
				BC89D6C21BB66DC9005A8303 /* AVFoundation.framework in Frameworks */,
				BC3AA40C1BB66B8200B6A692 /* CoreGraphics.framework in Frameworks */,
				BC3AA40E1BB66B8200B6A692 /* UIKit.framework in Frameworks */,
				BC3AA40A1BB66B8200B6A692 /* Foundation.framework in Frameworks */,
			);
			runOnlyForDeploymentPostprocessing = 0;
		};
		BC3AA4241BB66B8200B6A692 /* Frameworks */ = {
			isa = PBXFrameworksBuildPhase;
			buildActionMask = 2147483647;
			files = (
				BC3AA4291BB66B8200B6A692 /* XCTest.framework in Frameworks */,
				BC3AA42B1BB66B8200B6A692 /* UIKit.framework in Frameworks */,
				BC3AA42A1BB66B8200B6A692 /* Foundation.framework in Frameworks */,
			);
			runOnlyForDeploymentPostprocessing = 0;
		};
/* End PBXFrameworksBuildPhase section */

/* Begin PBXGroup section */
		00AAE6111BC5CE1F006EA19A /* NCMB */ = {
			isa = PBXGroup;
			children = (
				00AAE6121BC5CE1F006EA19A /* NCMB.h */,
				00AAE6131BC5CE1F006EA19A /* NCMB.m */,
				00AAE6141BC5CE1F006EA19A /* NCMB_Info.plist */,
				00AAE6151BC5CE1F006EA19A /* NCMBACL.h */,
				00AAE6161BC5CE1F006EA19A /* NCMBACL.m */,
				00AAE6171BC5CE1F006EA19A /* NCMBAnalytics.h */,
				00AAE6181BC5CE1F006EA19A /* NCMBAnalytics.m */,
				00AAE6191BC5CE1F006EA19A /* NCMBAnonymousUtils.h */,
				00AAE61A1BC5CE1F006EA19A /* NCMBAnonymousUtils.m */,
				00AAE61B1BC5CE1F006EA19A /* NCMBConstants.h */,
				00AAE61C1BC5CE1F006EA19A /* NCMBError.h */,
				00AAE61D1BC5CE1F006EA19A /* NCMBError.m */,
				00AAE61E1BC5CE1F006EA19A /* NCMBFacebookUtils.h */,
				00AAE61F1BC5CE1F006EA19A /* NCMBFacebookUtils.m */,
				00AAE6201BC5CE1F006EA19A /* NCMBFile.h */,
				00AAE6211BC5CE1F006EA19A /* NCMBFile.m */,
				00AAE6221BC5CE1F006EA19A /* NCMBGeoPoint.h */,
				00AAE6231BC5CE1F006EA19A /* NCMBGeoPoint.m */,
				00AAE6241BC5CE1F006EA19A /* NCMBGoogleUtils+Private.h */,
				00AAE6251BC5CE1F006EA19A /* NCMBGoogleUtils.h */,
				00AAE6261BC5CE1F006EA19A /* NCMBGoogleUtils.m */,
				00AAE6271BC5CE1F006EA19A /* NCMBInstallation.h */,
				00AAE6281BC5CE1F006EA19A /* NCMBInstallation.m */,
				00AAE6291BC5CE1F006EA19A /* NCMBObject+Subclass.h */,
				00AAE62A1BC5CE1F006EA19A /* NCMBObject.h */,
				00AAE62B1BC5CE1F006EA19A /* NCMBObject.m */,
				00AAE62C1BC5CE1F006EA19A /* NCMBPush.h */,
				00AAE62D1BC5CE1F006EA19A /* NCMBPush.m */,
				00AAE62E1BC5CE1F006EA19A /* NCMBQuery.h */,
				00AAE62F1BC5CE1F006EA19A /* NCMBQuery.m */,
				00AAE6301BC5CE1F006EA19A /* NCMBReachability */,
				00AAE6331BC5CE1F006EA19A /* NCMBRelation.h */,
				00AAE6341BC5CE1F006EA19A /* NCMBRelation.m */,
				00AAE6351BC5CE1F006EA19A /* NCMBRichPush */,
				00AAE63A1BC5CE1F006EA19A /* NCMBRole.h */,
				00AAE63B1BC5CE1F006EA19A /* NCMBRole.m */,
				00AAE63C1BC5CE1F006EA19A /* NCMBSubclassing.h */,
				00AAE63D1BC5CE1F006EA19A /* NCMBTwitter */,
				00AAE65F1BC5CE1F006EA19A /* NCMBTwitterUtils.h */,
				00AAE6601BC5CE1F006EA19A /* NCMBTwitterUtils.m */,
				00AAE6611BC5CE1F006EA19A /* NCMBURLConnection */,
				00AAE6641BC5CE1F006EA19A /* NCMBUser.h */,
				00AAE6651BC5CE1F006EA19A /* NCMBUser.m */,
				00AAE6661BC5CE1F006EA19A /* NSDataBase64Encode */,
				00AAE6691BC5CE1F006EA19A /* Operations */,
				00AAE6781BC5CE1F006EA19A /* PrivateHeaders */,
				00AAE67E1BC5CE1F006EA19A /* SubClassHandler */,
			);
			path = NCMB;
			sourceTree = "<group>";
		};
		00AAE6301BC5CE1F006EA19A /* NCMBReachability */ = {
			isa = PBXGroup;
			children = (
				00AAE6311BC5CE1F006EA19A /* NCMBReachability.h */,
				00AAE6321BC5CE1F006EA19A /* NCMBReachability.m */,
			);
			path = NCMBReachability;
			sourceTree = "<group>";
		};
		00AAE6351BC5CE1F006EA19A /* NCMBRichPush */ = {
			isa = PBXGroup;
			children = (
				00AAE6361BC5CE1F006EA19A /* NCMBCloseImageView.h */,
				00AAE6371BC5CE1F006EA19A /* NCMBCloseImageView.m */,
				00AAE6381BC5CE1F006EA19A /* NCMBRichPushView.h */,
				00AAE6391BC5CE1F006EA19A /* NCMBRichPushView.m */,
			);
			path = NCMBRichPush;
			sourceTree = "<group>";
		};
		00AAE63D1BC5CE1F006EA19A /* NCMBTwitter */ = {
			isa = PBXGroup;
			children = (
				00AAE63E1BC5CE1F006EA19A /* NCMB_Twitter.m */,
				00AAE63F1BC5CE1F006EA19A /* NCMBOAConsumer */,
				00AAE65D1BC5CE1F006EA19A /* NCMBTwitterLoginView.h */,
				00AAE65E1BC5CE1F006EA19A /* NCMBTwitterLoginView.m */,
			);
			path = NCMBTwitter;
			sourceTree = "<group>";
		};
		00AAE63F1BC5CE1F006EA19A /* NCMBOAConsumer */ = {
			isa = PBXGroup;
			children = (
				00AAE6401BC5CE1F006EA19A /* Categories */,
				00AAE6471BC5CE1F006EA19A /* Crypto */,
				00AAE64E1BC5CE1F006EA19A /* NCMBOAConsumer.h */,
				00AAE64F1BC5CE1F006EA19A /* NCMBOAConsumer.m */,
				00AAE6501BC5CE1F006EA19A /* NCMBOADataFetcher.h */,
				00AAE6511BC5CE1F006EA19A /* NCMBOADataFetcher.m */,
				00AAE6521BC5CE1F006EA19A /* NCMBOAHMAC_SHA1SignatureProvider.h */,
				00AAE6531BC5CE1F006EA19A /* NCMBOAHMAC_SHA1SignatureProvider.m */,
				00AAE6541BC5CE1F006EA19A /* NCMBOAMutableURLRequest.h */,
				00AAE6551BC5CE1F006EA19A /* NCMBOAMutableURLRequest.m */,
				00AAE6561BC5CE1F006EA19A /* NCMBOARequestParameter.h */,
				00AAE6571BC5CE1F006EA19A /* NCMBOARequestParameter.m */,
				00AAE6581BC5CE1F006EA19A /* NCMBOAServiceTicket.h */,
				00AAE6591BC5CE1F006EA19A /* NCMBOAServiceTicket.m */,
				00AAE65A1BC5CE1F006EA19A /* NCMBOASignatureProviding.h */,
				00AAE65B1BC5CE1F006EA19A /* NCMBOAToken.h */,
				00AAE65C1BC5CE1F006EA19A /* NCMBOAToken.m */,
			);
			path = NCMBOAConsumer;
			sourceTree = "<group>";
		};
		00AAE6401BC5CE1F006EA19A /* Categories */ = {
			isa = PBXGroup;
			children = (
				00AAE6411BC5CE1F006EA19A /* NSMutableURLRequestParameters.h */,
				00AAE6421BC5CE1F006EA19A /* NSMutableURLRequestParameters.m */,
				00AAE6431BC5CE1F006EA19A /* NSStringURLEncoding.h */,
				00AAE6441BC5CE1F006EA19A /* NSStringURLEncoding.m */,
				00AAE6451BC5CE1F006EA19A /* NSURLBase.h */,
				00AAE6461BC5CE1F006EA19A /* NSURLBase.m */,
			);
			path = Categories;
			sourceTree = "<group>";
		};
		00AAE6471BC5CE1F006EA19A /* Crypto */ = {
			isa = PBXGroup;
			children = (
				00AAE6481BC5CE1F006EA19A /* Base64Transcoder.c */,
				00AAE6491BC5CE1F006EA19A /* Base64Transcoder.h */,
				00AAE64A1BC5CE1F006EA19A /* hmac.c */,
				00AAE64B1BC5CE1F006EA19A /* hmac.h */,
				00AAE64C1BC5CE1F006EA19A /* sha1.c */,
				00AAE64D1BC5CE1F006EA19A /* sha1.h */,
			);
			path = Crypto;
			sourceTree = "<group>";
		};
		00AAE6611BC5CE1F006EA19A /* NCMBURLConnection */ = {
			isa = PBXGroup;
			children = (
				00AAE6621BC5CE1F006EA19A /* NCMBURLConnection.h */,
				00AAE6631BC5CE1F006EA19A /* NCMBURLConnection.m */,
			);
			path = NCMBURLConnection;
			sourceTree = "<group>";
		};
		00AAE6661BC5CE1F006EA19A /* NSDataBase64Encode */ = {
			isa = PBXGroup;
			children = (
				00AAE6671BC5CE1F006EA19A /* NSDataBase64Encode.h */,
				00AAE6681BC5CE1F006EA19A /* NSDataBase64Encode.m */,
			);
			path = NSDataBase64Encode;
			sourceTree = "<group>";
		};
		00AAE6691BC5CE1F006EA19A /* Operations */ = {
			isa = PBXGroup;
			children = (
				00AAE66A1BC5CE1F006EA19A /* NCMBAddOperation.h */,
				00AAE66B1BC5CE1F006EA19A /* NCMBAddOperation.m */,
				00AAE66C1BC5CE1F006EA19A /* NCMBAddUniqueOperation.h */,
				00AAE66D1BC5CE1F006EA19A /* NCMBAddUniqueOperation.m */,
				00AAE66E1BC5CE1F006EA19A /* NCMBDeleteOperation.h */,
				00AAE66F1BC5CE1F006EA19A /* NCMBDeleteOperation.m */,
				00AAE6701BC5CE1F006EA19A /* NCMBIncrementOperation.h */,
				00AAE6711BC5CE1F006EA19A /* NCMBIncrementOperation.m */,
				00AAE6721BC5CE1F006EA19A /* NCMBRelationOperation.h */,
				00AAE6731BC5CE1F006EA19A /* NCMBRelationOperation.m */,
				00AAE6741BC5CE1F006EA19A /* NCMBRemoveOperation.h */,
				00AAE6751BC5CE1F006EA19A /* NCMBRemoveOperation.m */,
				00AAE6761BC5CE1F006EA19A /* NCMBSetOperation.h */,
				00AAE6771BC5CE1F006EA19A /* NCMBSetOperation.m */,
			);
			path = Operations;
			sourceTree = "<group>";
		};
		00AAE6781BC5CE1F006EA19A /* PrivateHeaders */ = {
			isa = PBXGroup;
			children = (
				00AAE6791BC5CE1F006EA19A /* NCMBFacebookUtils+Private.h */,
				00AAE67A1BC5CE1F006EA19A /* NCMBObject+Private.h */,
				00AAE67B1BC5CE1F006EA19A /* NCMBQuery+Private.h */,
				00AAE67C1BC5CE1F006EA19A /* NCMBRelation+Private.h */,
				00AAE67D1BC5CE1F006EA19A /* NCMBUser+Private.h */,
			);
			path = PrivateHeaders;
			sourceTree = "<group>";
		};
		00AAE67E1BC5CE1F006EA19A /* SubClassHandler */ = {
			isa = PBXGroup;
			children = (
				00AAE67F1BC5CE1F006EA19A /* SubClassHandler.h */,
				00AAE6801BC5CE1F006EA19A /* SubClassHandler.m */,
			);
			path = SubClassHandler;
			sourceTree = "<group>";
		};
		BC3AA3FD1BB66B8200B6A692 = {
			isa = PBXGroup;
			children = (
				BCF184D51BBCCA960027AD2E /* AudioKit.xcodeproj */,
				BC3AA40F1BB66B8200B6A692 /* Kashiwade */,
				BC3AA42E1BB66B8200B6A692 /* KashiwadeTests */,
				BC3AA4081BB66B8200B6A692 /* Frameworks */,
				BC3AA4071BB66B8200B6A692 /* Products */,
			);
			sourceTree = "<group>";
		};
		BC3AA4071BB66B8200B6A692 /* Products */ = {
			isa = PBXGroup;
			children = (
				BC3AA4061BB66B8200B6A692 /* Kashiwade.app */,
				BC3AA4271BB66B8200B6A692 /* KashiwadeTests.xctest */,
			);
			name = Products;
			sourceTree = "<group>";
		};
		BC3AA4081BB66B8200B6A692 /* Frameworks */ = {
			isa = PBXGroup;
			children = (
				BCF1849D1BBC1EAC0027AD2E /* CoreLocation.framework */,
				BCF1849B1BBBEFC90027AD2E /* MapKit.framework */,
				BC89D6C51BB66E39005A8303 /* QuartzCore.framework */,
				BC89D6C31BB66E1E005A8303 /* Accelerate.framework */,
				BC89D6BF1BB66DC9005A8303 /* AudioToolbox.framework */,
				BC89D6C01BB66DC9005A8303 /* AVFoundation.framework */,
				BC3AA4091BB66B8200B6A692 /* Foundation.framework */,
				BC3AA40B1BB66B8200B6A692 /* CoreGraphics.framework */,
				BC3AA40D1BB66B8200B6A692 /* UIKit.framework */,
				BC3AA4281BB66B8200B6A692 /* XCTest.framework */,
			);
			name = Frameworks;
			sourceTree = "<group>";
		};
		BC3AA40F1BB66B8200B6A692 /* Kashiwade */ = {
			isa = PBXGroup;
			children = (
				BC3AA43E1BB66C3000B6A692 /* Classes */,
				BC3AA4211BB66B8200B6A692 /* Images.xcassets */,
				BCF184AD1BBC61480027AD2E /* image */,
				BCF184E81BBCD2050027AD2E /* sound */,
				BC3AA4101BB66B8200B6A692 /* Supporting Files */,
			);
			path = Kashiwade;
			sourceTree = "<group>";
		};
		BC3AA4101BB66B8200B6A692 /* Supporting Files */ = {
			isa = PBXGroup;
			children = (
				BCF185011BBCE1580027AD2E /* AudioKit.plist */,
				BC3AA4111BB66B8200B6A692 /* Kashiwade-Info.plist */,
				BC3AA4121BB66B8200B6A692 /* InfoPlist.strings */,
				BC3AA4151BB66B8200B6A692 /* main.m */,
				BC3AA4171BB66B8200B6A692 /* Kashiwade-Prefix.pch */,
			);
			name = "Supporting Files";
			sourceTree = "<group>";
		};
		BC3AA42E1BB66B8200B6A692 /* KashiwadeTests */ = {
			isa = PBXGroup;
			children = (
				BC3AA4341BB66B8200B6A692 /* KashiwadeTests.m */,
				BC3AA42F1BB66B8200B6A692 /* Supporting Files */,
			);
			path = KashiwadeTests;
			sourceTree = "<group>";
		};
		BC3AA42F1BB66B8200B6A692 /* Supporting Files */ = {
			isa = PBXGroup;
			children = (
				BC3AA4301BB66B8200B6A692 /* KashiwadeTests-Info.plist */,
				BC3AA4311BB66B8200B6A692 /* InfoPlist.strings */,
			);
			name = "Supporting Files";
			sourceTree = "<group>";
		};
		BC3AA43E1BB66C3000B6A692 /* Classes */ = {
			isa = PBXGroup;
			children = (
				00AAE6111BC5CE1F006EA19A /* NCMB */,
				BC3AA43F1BB66C3000B6A692 /* AppDelegate.h */,
				BC3AA4401BB66C3000B6A692 /* AppDelegate.m */,
				BC3AA4411BB66C3000B6A692 /* ViewController.h */,
				BC3AA4421BB66C3000B6A692 /* ViewController.m */,
				BCF184A21BBC27590027AD2E /* CustomAnnotation.h */,
				BCF184A31BBC27590027AD2E /* CustomAnnotation.m */,
				BCF184AA1BBC5F790027AD2E /* PlayViewController.h */,
				BCF184AB1BBC5F790027AD2E /* PlayViewController.m */,
				BCF184E51BBCD0C10027AD2E /* ConvolutionInstrument.h */,
				BCF184E61BBCD0C10027AD2E /* ConvolutionInstrument.m */,
			);
			path = Classes;
			sourceTree = "<group>";
		};
		BC745AB81BC5084E0037A22A /* stereo */ = {
			isa = PBXGroup;
			children = (
				BC745AB91BC5084E0037A22A /* bktk-shinjuku-01_03may09.wav */,
				BC745ABA1BC5084E0037A22A /* carpool_IR-9_LR.wav */,
				BC745ABB1BC5084E0037A22A /* pokemon _IR-9_LR.wav */,
				BC745ABC1BC5084E0037A22A /* rooftop_IR-9_LR.wav */,
				BC745ABD1BC5084E0037A22A /* TokyoBigSite_IR-9_LR.wav */,
			);
			path = stereo;
			sourceTree = "<group>";
		};
		BC745AC51BC508E20037A22A /* bgm */ = {
			isa = PBXGroup;
			children = (
				BC745AC61BC508E20037A22A /* carpool_SE-9.wav */,
				BC745AC71BC508E20037A22A /* pokemon_SE-9.wav */,
				BC745AC81BC508E20037A22A /* rooftop_SE-9.wav */,
			);
			path = bgm;
			sourceTree = "<group>";
		};
		BC745AC91BC508E20037A22A /* mono */ = {
			isa = PBXGroup;
			children = (
				BC745ACA1BC508E20037A22A /* bktk-shinjuku-01_03may09_44116mono.wav */,
				BC745ACB1BC508E20037A22A /* carpool_IR-9_L.wav */,
				BC745ACC1BC508E20037A22A /* carpool_IR-9_R.wav */,
				BC745ACD1BC508E20037A22A /* pokemon _IR-9_L.wav */,
				BC745ACE1BC508E20037A22A /* pokemon _IR-9_R.wav */,
				BC745ACF1BC508E20037A22A /* rooftop_IR-9_L.wav */,
				BC745AD01BC508E20037A22A /* rooftop_IR-9_R.wav */,
				BC745AD11BC508E20037A22A /* TokyoBigSite_IR-9_L.wav */,
				BC745AD21BC508E20037A22A /* TokyoBigSite_IR-9_R.wav */,
			);
			path = mono;
			sourceTree = "<group>";
		};
		BCF184AD1BBC61480027AD2E /* image */ = {
			isa = PBXGroup;
			children = (
				BCF184CC1BBC692C0027AD2E /* background */,
				BCF184B31BBC61480027AD2E /* map_pin@2x.png */,
				000281A51BBFBB3A004FBCE8 /* clap_1_c.png */,
				000281A61BBFBB3A004FBCE8 /* clap_2_c.png */,
			);
			path = image;
			sourceTree = "<group>";
		};
		BCF184CC1BBC692C0027AD2E /* background */ = {
			isa = PBXGroup;
			children = (
				BCF184CD1BBC692C0027AD2E /* carpool.jpg */,
				BCF184CE1BBC692C0027AD2E /* pokemon.jpg */,
				BCF184CF1BBC692C0027AD2E /* rooftop.jpeg */,
				BCF184D01BBC692C0027AD2E /* tokyoBigSiteBasement.jpg */,
			);
			path = background;
			sourceTree = "<group>";
		};
		BCF184D61BBCCA960027AD2E /* Products */ = {
			isa = PBXGroup;
			children = (
				BCF184DC1BBCCA970027AD2E /* libAudioKit iOS Static.a */,
				BCF184DE1BBCCA970027AD2E /* libAudioKit iOS Dynamic.a */,
				BCF184E01BBCCA970027AD2E /* libAudioKit OS X.a */,
			);
			name = Products;
			sourceTree = "<group>";
		};
		BCF184E81BBCD2050027AD2E /* sound */ = {
			isa = PBXGroup;
			children = (
				000281AD1BBFCC13004FBCE8 /* kashiwade.wav */,
				BC745AC51BC508E20037A22A /* bgm */,
				BC745AC91BC508E20037A22A /* mono */,
				BC745AB81BC5084E0037A22A /* stereo */,
			);
			path = sound;
			sourceTree = "<group>";
		};
/* End PBXGroup section */

/* Begin PBXNativeTarget section */
		BC3AA4051BB66B8200B6A692 /* Kashiwade */ = {
			isa = PBXNativeTarget;
			buildConfigurationList = BC3AA4381BB66B8200B6A692 /* Build configuration list for PBXNativeTarget "Kashiwade" */;
			buildPhases = (
				BC3AA4021BB66B8200B6A692 /* Sources */,
				BC3AA4031BB66B8200B6A692 /* Frameworks */,
				BC3AA4041BB66B8200B6A692 /* Resources */,
			);
			buildRules = (
			);
			dependencies = (
				BCF184E21BBCCAAF0027AD2E /* PBXTargetDependency */,
			);
			name = Kashiwade;
			productName = Kashiwade;
			productReference = BC3AA4061BB66B8200B6A692 /* Kashiwade.app */;
			productType = "com.apple.product-type.application";
		};
		BC3AA4261BB66B8200B6A692 /* KashiwadeTests */ = {
			isa = PBXNativeTarget;
			buildConfigurationList = BC3AA43B1BB66B8200B6A692 /* Build configuration list for PBXNativeTarget "KashiwadeTests" */;
			buildPhases = (
				BC3AA4231BB66B8200B6A692 /* Sources */,
				BC3AA4241BB66B8200B6A692 /* Frameworks */,
				BC3AA4251BB66B8200B6A692 /* Resources */,
			);
			buildRules = (
			);
			dependencies = (
				BC3AA42D1BB66B8200B6A692 /* PBXTargetDependency */,
			);
			name = KashiwadeTests;
			productName = KashiwadeTests;
			productReference = BC3AA4271BB66B8200B6A692 /* KashiwadeTests.xctest */;
			productType = "com.apple.product-type.bundle.unit-test";
		};
/* End PBXNativeTarget section */

/* Begin PBXProject section */
		BC3AA3FE1BB66B8200B6A692 /* Project object */ = {
			isa = PBXProject;
			attributes = {
				LastUpgradeCheck = 0510;
				ORGANIZATIONNAME = LoopSessions;
				TargetAttributes = {
					BC3AA4051BB66B8200B6A692 = {
						SystemCapabilities = {
							com.apple.BackgroundModes = {
								enabled = 1;
							};
						};
					};
					BC3AA4261BB66B8200B6A692 = {
						TestTargetID = BC3AA4051BB66B8200B6A692;
					};
				};
			};
			buildConfigurationList = BC3AA4011BB66B8200B6A692 /* Build configuration list for PBXProject "Kashiwade" */;
			compatibilityVersion = "Xcode 3.2";
			developmentRegion = English;
			hasScannedForEncodings = 0;
			knownRegions = (
				en,
				Base,
			);
			mainGroup = BC3AA3FD1BB66B8200B6A692;
			productRefGroup = BC3AA4071BB66B8200B6A692 /* Products */;
			projectDirPath = "";
			projectReferences = (
				{
					ProductGroup = BCF184D61BBCCA960027AD2E /* Products */;
					ProjectRef = BCF184D51BBCCA960027AD2E /* AudioKit.xcodeproj */;
				},
			);
			projectRoot = "";
			targets = (
				BC3AA4051BB66B8200B6A692 /* Kashiwade */,
				BC3AA4261BB66B8200B6A692 /* KashiwadeTests */,
			);
		};
/* End PBXProject section */

/* Begin PBXReferenceProxy section */
		BCF184DC1BBCCA970027AD2E /* libAudioKit iOS Static.a */ = {
			isa = PBXReferenceProxy;
			fileType = archive.ar;
			path = "libAudioKit iOS Static.a";
			remoteRef = BCF184DB1BBCCA970027AD2E /* PBXContainerItemProxy */;
			sourceTree = BUILT_PRODUCTS_DIR;
		};
		BCF184DE1BBCCA970027AD2E /* libAudioKit iOS Dynamic.a */ = {
			isa = PBXReferenceProxy;
			fileType = archive.ar;
			path = "libAudioKit iOS Dynamic.a";
			remoteRef = BCF184DD1BBCCA970027AD2E /* PBXContainerItemProxy */;
			sourceTree = BUILT_PRODUCTS_DIR;
		};
		BCF184E01BBCCA970027AD2E /* libAudioKit OS X.a */ = {
			isa = PBXReferenceProxy;
			fileType = archive.ar;
			path = "libAudioKit OS X.a";
			remoteRef = BCF184DF1BBCCA970027AD2E /* PBXContainerItemProxy */;
			sourceTree = BUILT_PRODUCTS_DIR;
		};
/* End PBXReferenceProxy section */

/* Begin PBXResourcesBuildPhase section */
		BC3AA4041BB66B8200B6A692 /* Resources */ = {
			isa = PBXResourcesBuildPhase;
			buildActionMask = 2147483647;
			files = (
				BC745AC01BC5084E0037A22A /* pokemon _IR-9_LR.wav in Resources */,
				BC745ABF1BC5084E0037A22A /* carpool_IR-9_LR.wav in Resources */,
				BC745AD41BC508E20037A22A /* pokemon_SE-9.wav in Resources */,
				BC3AA4221BB66B8200B6A692 /* Images.xcassets in Resources */,
				BC3AA4141BB66B8200B6A692 /* InfoPlist.strings in Resources */,
				BC745AD31BC508E20037A22A /* carpool_SE-9.wav in Resources */,
				BCF184D21BBC692C0027AD2E /* pokemon.jpg in Resources */,
				BCF184D11BBC692C0027AD2E /* carpool.jpg in Resources */,
				BC745AD61BC508E20037A22A /* bktk-shinjuku-01_03may09_44116mono.wav in Resources */,
				BCF184D41BBC692C0027AD2E /* tokyoBigSiteBasement.jpg in Resources */,
				BC745ABE1BC5084E0037A22A /* bktk-shinjuku-01_03may09.wav in Resources */,
				BC745AC21BC5084E0037A22A /* TokyoBigSite_IR-9_LR.wav in Resources */,
				BCF184B81BBC61480027AD2E /* map_pin@2x.png in Resources */,
				BC745AD91BC508E20037A22A /* pokemon _IR-9_L.wav in Resources */,
				BC745AD81BC508E20037A22A /* carpool_IR-9_R.wav in Resources */,
				000281A81BBFBB3A004FBCE8 /* clap_2_c.png in Resources */,
				BC745ADC1BC508E20037A22A /* rooftop_IR-9_R.wav in Resources */,
				BC745AC11BC5084E0037A22A /* rooftop_IR-9_LR.wav in Resources */,
				BC745ADA1BC508E20037A22A /* pokemon _IR-9_R.wav in Resources */,
				BCF184D31BBC692C0027AD2E /* rooftop.jpeg in Resources */,
				BC745AD51BC508E20037A22A /* rooftop_SE-9.wav in Resources */,
				BC745ADE1BC508E20037A22A /* TokyoBigSite_IR-9_R.wav in Resources */,
				BCF185021BBCE1580027AD2E /* AudioKit.plist in Resources */,
				BC745AD71BC508E20037A22A /* carpool_IR-9_L.wav in Resources */,
				000281AE1BBFCC13004FBCE8 /* kashiwade.wav in Resources */,
				BC745ADD1BC508E20037A22A /* TokyoBigSite_IR-9_L.wav in Resources */,
				BC745ADB1BC508E20037A22A /* rooftop_IR-9_L.wav in Resources */,
				00AAE6831BC5CE1F006EA19A /* NCMB_Info.plist in Resources */,
				000281A71BBFBB3A004FBCE8 /* clap_1_c.png in Resources */,
			);
			runOnlyForDeploymentPostprocessing = 0;
		};
		BC3AA4251BB66B8200B6A692 /* Resources */ = {
			isa = PBXResourcesBuildPhase;
			buildActionMask = 2147483647;
			files = (
				00AAE6841BC5CE1F006EA19A /* NCMB_Info.plist in Resources */,
				BC3AA4331BB66B8200B6A692 /* InfoPlist.strings in Resources */,
			);
			runOnlyForDeploymentPostprocessing = 0;
		};
/* End PBXResourcesBuildPhase section */

/* Begin PBXSourcesBuildPhase section */
		BC3AA4021BB66B8200B6A692 /* Sources */ = {
			isa = PBXSourcesBuildPhase;
			buildActionMask = 2147483647;
			files = (
				00AAE6B11BC5CE1F006EA19A /* hmac.c in Sources */,
				00AAE6BD1BC5CE1F006EA19A /* NCMBOARequestParameter.m in Sources */,
				00AAE69F1BC5CE1F006EA19A /* NCMBRelation.m in Sources */,
				00AAE69B1BC5CE1F006EA19A /* NCMBQuery.m in Sources */,
				00AAE6D71BC5CE1F006EA19A /* NCMBRemoveOperation.m in Sources */,
				00AAE6D11BC5CE1F006EA19A /* NCMBDeleteOperation.m in Sources */,
				BC3AA4441BB66C3000B6A692 /* ViewController.m in Sources */,
				BC3AA4431BB66C3000B6A692 /* AppDelegate.m in Sources */,
				00AAE6C91BC5CE1F006EA19A /* NCMBUser.m in Sources */,
				00AAE6DB1BC5CE1F006EA19A /* SubClassHandler.m in Sources */,
				00AAE6911BC5CE1F006EA19A /* NCMBGeoPoint.m in Sources */,
				00AAE6971BC5CE1F006EA19A /* NCMBObject.m in Sources */,
				00AAE6CB1BC5CE1F006EA19A /* NSDataBase64Encode.m in Sources */,
				00AAE6B51BC5CE1F006EA19A /* NCMBOAConsumer.m in Sources */,
				BC3AA4161BB66B8200B6A692 /* main.m in Sources */,
				BCF184AC1BBC5F790027AD2E /* PlayViewController.m in Sources */,
				00AAE68F1BC5CE1F006EA19A /* NCMBFile.m in Sources */,
				00AAE6CF1BC5CE1F006EA19A /* NCMBAddUniqueOperation.m in Sources */,
				00AAE6851BC5CE1F006EA19A /* NCMBACL.m in Sources */,
				00AAE6D51BC5CE1F006EA19A /* NCMBRelationOperation.m in Sources */,
				BCF184A41BBC27590027AD2E /* CustomAnnotation.m in Sources */,
				00AAE69D1BC5CE1F006EA19A /* NCMBReachability.m in Sources */,
				00AAE6C71BC5CE1F006EA19A /* NCMBURLConnection.m in Sources */,
				00AAE6BF1BC5CE1F006EA19A /* NCMBOAServiceTicket.m in Sources */,
				00AAE6811BC5CE1F006EA19A /* NCMB.m in Sources */,
				00AAE6A91BC5CE1F006EA19A /* NSMutableURLRequestParameters.m in Sources */,
				00AAE6BB1BC5CE1F006EA19A /* NCMBOAMutableURLRequest.m in Sources */,
				00AAE6891BC5CE1F006EA19A /* NCMBAnonymousUtils.m in Sources */,
				00AAE6D31BC5CE1F006EA19A /* NCMBIncrementOperation.m in Sources */,
				00AAE6A31BC5CE1F006EA19A /* NCMBRichPushView.m in Sources */,
				00AAE6A51BC5CE1F006EA19A /* NCMBRole.m in Sources */,
				00AAE68B1BC5CE1F006EA19A /* NCMBError.m in Sources */,
				00AAE68D1BC5CE1F006EA19A /* NCMBFacebookUtils.m in Sources */,
				00AAE6B71BC5CE1F006EA19A /* NCMBOADataFetcher.m in Sources */,
				00AAE6AB1BC5CE1F006EA19A /* NSStringURLEncoding.m in Sources */,
				00AAE6871BC5CE1F006EA19A /* NCMBAnalytics.m in Sources */,
				00AAE6931BC5CE1F006EA19A /* NCMBGoogleUtils.m in Sources */,
				BCF184E71BBCD0C10027AD2E /* ConvolutionInstrument.m in Sources */,
				00AAE6A71BC5CE1F006EA19A /* NCMB_Twitter.m in Sources */,
				00AAE6A11BC5CE1F006EA19A /* NCMBCloseImageView.m in Sources */,
				00AAE6C11BC5CE1F006EA19A /* NCMBOAToken.m in Sources */,
				00AAE6CD1BC5CE1F006EA19A /* NCMBAddOperation.m in Sources */,
				00AAE6AF1BC5CE1F006EA19A /* Base64Transcoder.c in Sources */,
				00AAE6C51BC5CE1F006EA19A /* NCMBTwitterUtils.m in Sources */,
				00AAE6AD1BC5CE1F006EA19A /* NSURLBase.m in Sources */,
				00AAE6D91BC5CE1F006EA19A /* NCMBSetOperation.m in Sources */,
				00AAE6951BC5CE1F006EA19A /* NCMBInstallation.m in Sources */,
				00AAE6B91BC5CE1F006EA19A /* NCMBOAHMAC_SHA1SignatureProvider.m in Sources */,
				00AAE6C31BC5CE1F006EA19A /* NCMBTwitterLoginView.m in Sources */,
				00AAE6991BC5CE1F006EA19A /* NCMBPush.m in Sources */,
				00AAE6B31BC5CE1F006EA19A /* sha1.c in Sources */,
			);
			runOnlyForDeploymentPostprocessing = 0;
		};
		BC3AA4231BB66B8200B6A692 /* Sources */ = {
			isa = PBXSourcesBuildPhase;
			buildActionMask = 2147483647;
			files = (
				00AAE6B41BC5CE1F006EA19A /* sha1.c in Sources */,
				00AAE6B21BC5CE1F006EA19A /* hmac.c in Sources */,
				00AAE6A41BC5CE1F006EA19A /* NCMBRichPushView.m in Sources */,
				BC3AA4351BB66B8200B6A692 /* KashiwadeTests.m in Sources */,
				00AAE6D01BC5CE1F006EA19A /* NCMBAddUniqueOperation.m in Sources */,
				00AAE6AC1BC5CE1F006EA19A /* NSStringURLEncoding.m in Sources */,
				00AAE6821BC5CE1F006EA19A /* NCMB.m in Sources */,
				00AAE68E1BC5CE1F006EA19A /* NCMBFacebookUtils.m in Sources */,
				00AAE6BA1BC5CE1F006EA19A /* NCMBOAHMAC_SHA1SignatureProvider.m in Sources */,
				00AAE68A1BC5CE1F006EA19A /* NCMBAnonymousUtils.m in Sources */,
				00AAE6D61BC5CE1F006EA19A /* NCMBRelationOperation.m in Sources */,
				00AAE6881BC5CE1F006EA19A /* NCMBAnalytics.m in Sources */,
				00AAE69E1BC5CE1F006EA19A /* NCMBReachability.m in Sources */,
				00AAE6901BC5CE1F006EA19A /* NCMBFile.m in Sources */,
				00AAE6DC1BC5CE1F006EA19A /* SubClassHandler.m in Sources */,
				00AAE6D21BC5CE1F006EA19A /* NCMBDeleteOperation.m in Sources */,
				00AAE6A01BC5CE1F006EA19A /* NCMBRelation.m in Sources */,
				00AAE6C81BC5CE1F006EA19A /* NCMBURLConnection.m in Sources */,
				00AAE6C61BC5CE1F006EA19A /* NCMBTwitterUtils.m in Sources */,
				00AAE6A21BC5CE1F006EA19A /* NCMBCloseImageView.m in Sources */,
				00AAE6D81BC5CE1F006EA19A /* NCMBRemoveOperation.m in Sources */,
				00AAE6B81BC5CE1F006EA19A /* NCMBOADataFetcher.m in Sources */,
				00AAE68C1BC5CE1F006EA19A /* NCMBError.m in Sources */,
				00AAE6A81BC5CE1F006EA19A /* NCMB_Twitter.m in Sources */,
				00AAE6B01BC5CE1F006EA19A /* Base64Transcoder.c in Sources */,
				00AAE6C41BC5CE1F006EA19A /* NCMBTwitterLoginView.m in Sources */,
				00AAE69A1BC5CE1F006EA19A /* NCMBPush.m in Sources */,
				00AAE69C1BC5CE1F006EA19A /* NCMBQuery.m in Sources */,
				00AAE6921BC5CE1F006EA19A /* NCMBGeoPoint.m in Sources */,
				00AAE6C01BC5CE1F006EA19A /* NCMBOAServiceTicket.m in Sources */,
				00AAE6DA1BC5CE1F006EA19A /* NCMBSetOperation.m in Sources */,
				00AAE6CE1BC5CE1F006EA19A /* NCMBAddOperation.m in Sources */,
				00AAE6961BC5CE1F006EA19A /* NCMBInstallation.m in Sources */,
				00AAE6AE1BC5CE1F006EA19A /* NSURLBase.m in Sources */,
				00AAE6CC1BC5CE1F006EA19A /* NSDataBase64Encode.m in Sources */,
				00AAE6B61BC5CE1F006EA19A /* NCMBOAConsumer.m in Sources */,
				00AAE6941BC5CE1F006EA19A /* NCMBGoogleUtils.m in Sources */,
				00AAE6981BC5CE1F006EA19A /* NCMBObject.m in Sources */,
				00AAE6BC1BC5CE1F006EA19A /* NCMBOAMutableURLRequest.m in Sources */,
				00AAE6BE1BC5CE1F006EA19A /* NCMBOARequestParameter.m in Sources */,
				00AAE6CA1BC5CE1F006EA19A /* NCMBUser.m in Sources */,
				00AAE6D41BC5CE1F006EA19A /* NCMBIncrementOperation.m in Sources */,
				00AAE6A61BC5CE1F006EA19A /* NCMBRole.m in Sources */,
				00AAE6AA1BC5CE1F006EA19A /* NSMutableURLRequestParameters.m in Sources */,
				00AAE6861BC5CE1F006EA19A /* NCMBACL.m in Sources */,
				00AAE6C21BC5CE1F006EA19A /* NCMBOAToken.m in Sources */,
			);
			runOnlyForDeploymentPostprocessing = 0;
		};
/* End PBXSourcesBuildPhase section */

/* Begin PBXTargetDependency section */
		BC3AA42D1BB66B8200B6A692 /* PBXTargetDependency */ = {
			isa = PBXTargetDependency;
			target = BC3AA4051BB66B8200B6A692 /* Kashiwade */;
			targetProxy = BC3AA42C1BB66B8200B6A692 /* PBXContainerItemProxy */;
		};
		BCF184E21BBCCAAF0027AD2E /* PBXTargetDependency */ = {
			isa = PBXTargetDependency;
			name = "AudioKit iOS Static";
			targetProxy = BCF184E11BBCCAAF0027AD2E /* PBXContainerItemProxy */;
		};
/* End PBXTargetDependency section */

/* Begin PBXVariantGroup section */
		BC3AA4121BB66B8200B6A692 /* InfoPlist.strings */ = {
			isa = PBXVariantGroup;
			children = (
				BC3AA4131BB66B8200B6A692 /* en */,
			);
			name = InfoPlist.strings;
			sourceTree = "<group>";
		};
		BC3AA4311BB66B8200B6A692 /* InfoPlist.strings */ = {
			isa = PBXVariantGroup;
			children = (
				BC3AA4321BB66B8200B6A692 /* en */,
			);
			name = InfoPlist.strings;
			sourceTree = "<group>";
		};
/* End PBXVariantGroup section */

/* Begin XCBuildConfiguration section */
		BC3AA4361BB66B8200B6A692 /* Debug */ = {
			isa = XCBuildConfiguration;
			buildSettings = {
				ALWAYS_SEARCH_USER_PATHS = NO;
				CLANG_CXX_LANGUAGE_STANDARD = "gnu++0x";
				CLANG_CXX_LIBRARY = "libc++";
				CLANG_ENABLE_MODULES = YES;
				CLANG_ENABLE_OBJC_ARC = YES;
				CLANG_WARN_BOOL_CONVERSION = YES;
				CLANG_WARN_CONSTANT_CONVERSION = YES;
				CLANG_WARN_DIRECT_OBJC_ISA_USAGE = YES_ERROR;
				CLANG_WARN_EMPTY_BODY = YES;
				CLANG_WARN_ENUM_CONVERSION = YES;
				CLANG_WARN_INT_CONVERSION = YES;
				CLANG_WARN_OBJC_ROOT_CLASS = YES_ERROR;
				CLANG_WARN__DUPLICATE_METHOD_MATCH = YES;
				CODE_SIGN_IDENTITY = "iPhone Developer";
				"CODE_SIGN_IDENTITY[sdk=iphoneos*]" = "iPhone Developer";
				COPY_PHASE_STRIP = NO;
				GCC_C_LANGUAGE_STANDARD = gnu99;
				GCC_DYNAMIC_NO_PIC = NO;
				GCC_OPTIMIZATION_LEVEL = 0;
				GCC_PREPROCESSOR_DEFINITIONS = (
					"DEBUG=1",
					"$(inherited)",
				);
				GCC_SYMBOLS_PRIVATE_EXTERN = NO;
				GCC_WARN_64_TO_32_BIT_CONVERSION = YES;
				GCC_WARN_ABOUT_RETURN_TYPE = YES_ERROR;
				GCC_WARN_UNDECLARED_SELECTOR = YES;
				GCC_WARN_UNINITIALIZED_AUTOS = YES_AGGRESSIVE;
				GCC_WARN_UNUSED_FUNCTION = YES;
				GCC_WARN_UNUSED_VARIABLE = YES;
				IPHONEOS_DEPLOYMENT_TARGET = 7.0;
				ONLY_ACTIVE_ARCH = YES;
				SDKROOT = iphoneos;
			};
			name = Debug;
		};
		BC3AA4371BB66B8200B6A692 /* Release */ = {
			isa = XCBuildConfiguration;
			buildSettings = {
				ALWAYS_SEARCH_USER_PATHS = NO;
				CLANG_CXX_LANGUAGE_STANDARD = "gnu++0x";
				CLANG_CXX_LIBRARY = "libc++";
				CLANG_ENABLE_MODULES = YES;
				CLANG_ENABLE_OBJC_ARC = YES;
				CLANG_WARN_BOOL_CONVERSION = YES;
				CLANG_WARN_CONSTANT_CONVERSION = YES;
				CLANG_WARN_DIRECT_OBJC_ISA_USAGE = YES_ERROR;
				CLANG_WARN_EMPTY_BODY = YES;
				CLANG_WARN_ENUM_CONVERSION = YES;
				CLANG_WARN_INT_CONVERSION = YES;
				CLANG_WARN_OBJC_ROOT_CLASS = YES_ERROR;
				CLANG_WARN__DUPLICATE_METHOD_MATCH = YES;
				CODE_SIGN_IDENTITY = "iPhone Distribution";
				"CODE_SIGN_IDENTITY[sdk=iphoneos*]" = "iPhone Distribution";
				COPY_PHASE_STRIP = YES;
				ENABLE_NS_ASSERTIONS = NO;
				GCC_C_LANGUAGE_STANDARD = gnu99;
				GCC_WARN_64_TO_32_BIT_CONVERSION = YES;
				GCC_WARN_ABOUT_RETURN_TYPE = YES_ERROR;
				GCC_WARN_UNDECLARED_SELECTOR = YES;
				GCC_WARN_UNINITIALIZED_AUTOS = YES_AGGRESSIVE;
				GCC_WARN_UNUSED_FUNCTION = YES;
				GCC_WARN_UNUSED_VARIABLE = YES;
				IPHONEOS_DEPLOYMENT_TARGET = 7.0;
				SDKROOT = iphoneos;
				VALIDATE_PRODUCT = YES;
			};
			name = Release;
		};
		BC3AA4391BB66B8200B6A692 /* Debug */ = {
			isa = XCBuildConfiguration;
			buildSettings = {
				ASSETCATALOG_COMPILER_APPICON_NAME = AppIcon;
				ASSETCATALOG_COMPILER_LAUNCHIMAGE_NAME = LaunchImage;
				CODE_SIGN_IDENTITY = "iPhone Developer";
				"CODE_SIGN_IDENTITY[sdk=iphoneos*]" = "iPhone Developer";
				ENABLE_BITCODE = NO;
				GCC_PRECOMPILE_PREFIX_HEADER = YES;
				GCC_PREFIX_HEADER = "Kashiwade/Kashiwade-Prefix.pch";
				INFOPLIST_FILE = "Kashiwade/Kashiwade-Info.plist";
				OTHER_LDFLAGS = "-ObjC";
				PRODUCT_NAME = "$(TARGET_NAME)";
				PROVISIONING_PROFILE = "";
				TARGETED_DEVICE_FAMILY = "1,2";
				USER_HEADER_SEARCH_PATHS = "AudioKit/**";
				WRAPPER_EXTENSION = app;
			};
			name = Debug;
		};
		BC3AA43A1BB66B8200B6A692 /* Release */ = {
			isa = XCBuildConfiguration;
			buildSettings = {
				ASSETCATALOG_COMPILER_APPICON_NAME = AppIcon;
				ASSETCATALOG_COMPILER_LAUNCHIMAGE_NAME = LaunchImage;
				CODE_SIGN_IDENTITY = "iPhone Developer";
				"CODE_SIGN_IDENTITY[sdk=iphoneos*]" = "iPhone Developer";
				ENABLE_BITCODE = NO;
				GCC_PRECOMPILE_PREFIX_HEADER = YES;
				GCC_PREFIX_HEADER = "Kashiwade/Kashiwade-Prefix.pch";
				INFOPLIST_FILE = "Kashiwade/Kashiwade-Info.plist";
				OTHER_LDFLAGS = "-ObjC";
				PRODUCT_NAME = "$(TARGET_NAME)";
				PROVISIONING_PROFILE = "";
				TARGETED_DEVICE_FAMILY = "1,2";
				USER_HEADER_SEARCH_PATHS = "AudioKit/**";
				WRAPPER_EXTENSION = app;
			};
			name = Release;
		};
		BC3AA43C1BB66B8200B6A692 /* Debug */ = {
			isa = XCBuildConfiguration;
			buildSettings = {
				BUNDLE_LOADER = "$(BUILT_PRODUCTS_DIR)/Kashiwade.app/Kashiwade";
				FRAMEWORK_SEARCH_PATHS = (
					"$(SDKROOT)/Developer/Library/Frameworks",
					"$(inherited)",
					"$(DEVELOPER_FRAMEWORKS_DIR)",
				);
				GCC_PRECOMPILE_PREFIX_HEADER = YES;
				GCC_PREFIX_HEADER = "Kashiwade/Kashiwade-Prefix.pch";
				GCC_PREPROCESSOR_DEFINITIONS = (
					"DEBUG=1",
					"$(inherited)",
				);
				INFOPLIST_FILE = "KashiwadeTests/KashiwadeTests-Info.plist";
				PRODUCT_NAME = "$(TARGET_NAME)";
				TEST_HOST = "$(BUNDLE_LOADER)";
				WRAPPER_EXTENSION = xctest;
			};
			name = Debug;
		};
		BC3AA43D1BB66B8200B6A692 /* Release */ = {
			isa = XCBuildConfiguration;
			buildSettings = {
				BUNDLE_LOADER = "$(BUILT_PRODUCTS_DIR)/Kashiwade.app/Kashiwade";
				FRAMEWORK_SEARCH_PATHS = (
					"$(SDKROOT)/Developer/Library/Frameworks",
					"$(inherited)",
					"$(DEVELOPER_FRAMEWORKS_DIR)",
				);
				GCC_PRECOMPILE_PREFIX_HEADER = YES;
				GCC_PREFIX_HEADER = "Kashiwade/Kashiwade-Prefix.pch";
				INFOPLIST_FILE = "KashiwadeTests/KashiwadeTests-Info.plist";
				PRODUCT_NAME = "$(TARGET_NAME)";
				TEST_HOST = "$(BUNDLE_LOADER)";
				WRAPPER_EXTENSION = xctest;
			};
			name = Release;
		};
/* End XCBuildConfiguration section */

/* Begin XCConfigurationList section */
		BC3AA4011BB66B8200B6A692 /* Build configuration list for PBXProject "Kashiwade" */ = {
			isa = XCConfigurationList;
			buildConfigurations = (
				BC3AA4361BB66B8200B6A692 /* Debug */,
				BC3AA4371BB66B8200B6A692 /* Release */,
			);
			defaultConfigurationIsVisible = 0;
			defaultConfigurationName = Release;
		};
		BC3AA4381BB66B8200B6A692 /* Build configuration list for PBXNativeTarget "Kashiwade" */ = {
			isa = XCConfigurationList;
			buildConfigurations = (
				BC3AA4391BB66B8200B6A692 /* Debug */,
				BC3AA43A1BB66B8200B6A692 /* Release */,
			);
			defaultConfigurationIsVisible = 0;
			defaultConfigurationName = Release;
		};
		BC3AA43B1BB66B8200B6A692 /* Build configuration list for PBXNativeTarget "KashiwadeTests" */ = {
			isa = XCConfigurationList;
			buildConfigurations = (
				BC3AA43C1BB66B8200B6A692 /* Debug */,
				BC3AA43D1BB66B8200B6A692 /* Release */,
			);
			defaultConfigurationIsVisible = 0;
			defaultConfigurationName = Release;
		};
/* End XCConfigurationList section */
	};
	rootObject = BC3AA3FE1BB66B8200B6A692 /* Project object */;
}
